{
    "name": "os-kolokvijumi",
    "version": "1.0.2",
    "lockfileVersion": 2,
    "requires": true,
    "packages": {
        "": {
            "name": "os-kolokvijumi",
            "version": "1.0.2",
            "license": "CC-BY-SA-4.0",
            "dependencies": {
                "any-text": ">=1.2.0",
                "got": ">=11.8.2"
            }
        },
        "node_modules/@sindresorhus/is": {
            "version": "4.0.1",
            "resolved": "https://registry.npmjs.org/@sindresorhus/is/-/is-4.0.1.tgz",
            "integrity": "sha512-Qm9hBEBu18wt1PO2flE7LPb30BHMQt1eQgbV76YntdNk73XZGpn3izvGTYxbGgzXKgbCjiia0uxTd3aTNQrY/g==",
            "engines": {
                "node": ">=10"
            },
            "funding": {
                "url": "https://github.com/sindresorhus/is?sponsor=1"
            }
        },
        "node_modules/@szmarczak/http-timer": {
            "version": "4.0.6",
            "resolved": "https://registry.npmjs.org/@szmarczak/http-timer/-/http-timer-4.0.6.tgz",
            "integrity": "sha512-4BAffykYOgO+5nzBWYwE3W90sBgLJoUPRWWcL8wlyiM8IB8ipJz3UMJ9KXQd1RKQXpKp8Tutn80HZtWsu2u76w==",
            "dependencies": {
                "defer-to-connect": "^2.0.0"
            },
            "engines": {
                "node": ">=10"
            }
        },
        "node_modules/@types/cacheable-request": {
            "version": "6.0.2",
            "resolved": "https://registry.npmjs.org/@types/cacheable-request/-/cacheable-request-6.0.2.tgz",
            "integrity": "sha512-B3xVo+dlKM6nnKTcmm5ZtY/OL8bOAOd2Olee9M1zft65ox50OzjEHW91sDiU9j6cvW8Ejg1/Qkf4xd2kugApUA==",
            "dependencies": {
                "@types/http-cache-semantics": "*",
                "@types/keyv": "*",
                "@types/node": "*",
                "@types/responselike": "*"
            }
        },
        "node_modules/@types/http-cache-semantics": {
            "version": "4.0.1",
            "resolved": "https://registry.npmjs.org/@types/http-cache-semantics/-/http-cache-semantics-4.0.1.tgz",
            "integrity": "sha512-SZs7ekbP8CN0txVG2xVRH6EgKmEm31BOxA07vkFaETzZz1xh+cbt8BcI0slpymvwhx5dlFnQG2rTlPVQn+iRPQ=="
        },
        "node_modules/@types/keyv": {
            "version": "3.1.2",
            "resolved": "https://registry.npmjs.org/@types/keyv/-/keyv-3.1.2.tgz",
            "integrity": "sha512-/FvAK2p4jQOaJ6CGDHJTqZcUtbZe820qIeTg7o0Shg7drB4JHeL+V/dhSaly7NXx6u8eSee+r7coT+yuJEvDLg==",
            "dependencies": {
                "@types/node": "*"
            }
        },
        "node_modules/@types/node": {
            "version": "16.7.10",
            "resolved": "https://registry.npmjs.org/@types/node/-/node-16.7.10.tgz",
            "integrity": "sha512-S63Dlv4zIPb8x6MMTgDq5WWRJQe56iBEY0O3SOFA9JrRienkOVDXSXBjjJw6HTNQYSE2JI6GMCR6LVbIMHJVvA=="
        },
        "node_modules/@types/responselike": {
            "version": "1.0.0",
            "resolved": "https://registry.npmjs.org/@types/responselike/-/responselike-1.0.0.tgz",
            "integrity": "sha512-85Y2BjiufFzaMIlvJDvTTB8Fxl2xfLo4HgmHzVBz08w4wDePCTjYw66PdrolO0kzli3yam/YCgRufyo1DdQVTA==",
            "dependencies": {
                "@types/node": "*"
            }
        },
        "node_modules/adler-32": {
            "version": "1.2.0",
            "resolved": "https://registry.npmjs.org/adler-32/-/adler-32-1.2.0.tgz",
            "integrity": "sha1-aj5r8KY5ALoVZSgIyxXGgT0aXyU=",
            "dependencies": {
                "exit-on-epipe": "~1.0.1",
                "printj": "~1.1.0"
            },
            "bin": {
                "adler32": "bin/adler32.njs"
            },
            "engines": {
                "node": ">=0.8"
            }
        },
        "node_modules/any-text": {
            "version": "1.2.0",
            "resolved": "https://registry.npmjs.org/any-text/-/any-text-1.2.0.tgz",
            "integrity": "sha512-bkVk5+OmiyOTPcD0Mqga8c6CbEBT71hw8N7NbgbyQyWwXen2CWuvhPv/pNt7492KmtNyy72o6JsLpT5JJJtZ5A==",
            "dependencies": {
                "node-stream-zip": "^1.11.2",
                "pdf-parse": "^1.1.1",
                "word-extractor": "^0.3.0",
                "xlsx": "^0.16.3"
            }
        },
        "node_modules/async": {
            "version": "1.5.2",
            "resolved": "https://registry.npmjs.org/async/-/async-1.5.2.tgz",
            "integrity": "sha1-7GphrlZIDAw8skHJVhjiCJL5Zyo="
        },
        "node_modules/cacheable-lookup": {
            "version": "5.0.4",
            "resolved": "https://registry.npmjs.org/cacheable-lookup/-/cacheable-lookup-5.0.4.tgz",
            "integrity": "sha512-2/kNscPhpcxrOigMZzbiWF7dz8ilhb/nIHU3EyZiXWXpeq/au8qJ8VhdftMkty3n7Gj6HIGalQG8oiBNB3AJgA==",
            "engines": {
                "node": ">=10.6.0"
            }
        },
        "node_modules/cacheable-request": {
            "version": "7.0.2",
            "resolved": "https://registry.npmjs.org/cacheable-request/-/cacheable-request-7.0.2.tgz",
            "integrity": "sha512-pouW8/FmiPQbuGpkXQ9BAPv/Mo5xDGANgSNXzTzJ8DrKGuXOssM4wIQRjfanNRh3Yu5cfYPvcorqbhg2KIJtew==",
            "dependencies": {
                "clone-response": "^1.0.2",
                "get-stream": "^5.1.0",
                "http-cache-semantics": "^4.0.0",
                "keyv": "^4.0.0",
                "lowercase-keys": "^2.0.0",
                "normalize-url": "^6.0.1",
                "responselike": "^2.0.0"
            },
            "engines": {
                "node": ">=8"
            }
        },
        "node_modules/cfb": {
            "version": "1.2.0",
            "resolved": "https://registry.npmjs.org/cfb/-/cfb-1.2.0.tgz",
            "integrity": "sha512-sXMvHsKCICVR3Naq+J556K+ExBo9n50iKl6LGarlnvuA2035uMlGA/qVrc0wQtow5P1vJEw9UyrKLCbtIKz+TQ==",
            "dependencies": {
                "adler-32": "~1.2.0",
                "crc-32": "~1.2.0",
                "printj": "~1.1.2"
            },
            "engines": {
                "node": ">=0.8"
            }
        },
        "node_modules/clone-response": {
            "version": "1.0.2",
            "resolved": "https://registry.npmjs.org/clone-response/-/clone-response-1.0.2.tgz",
            "integrity": "sha1-0dyXOSAxTfZ/vrlCI7TuNQI56Ws=",
            "dependencies": {
                "mimic-response": "^1.0.0"
            }
        },
        "node_modules/codepage": {
            "version": "1.14.0",
            "resolved": "https://registry.npmjs.org/codepage/-/codepage-1.14.0.tgz",
            "integrity": "sha1-jL4lSBMjVZ19MHVxsP/5HnodL5k=",
            "dependencies": {
                "commander": "~2.14.1",
                "exit-on-epipe": "~1.0.1"
            },
            "bin": {
                "codepage": "bin/codepage.njs"
            },
            "engines": {
                "node": ">=0.8"
            }
        },
        "node_modules/codepage/node_modules/commander": {
            "version": "2.14.1",
            "resolved": "https://registry.npmjs.org/commander/-/commander-2.14.1.tgz",
            "integrity": "sha512-+YR16o3rK53SmWHU3rEM3tPAh2rwb1yPcQX5irVn7mb0gXbwuCCrnkbV5+PBfETdfg1vui07nM6PCG1zndcjQw=="
        },
        "node_modules/commander": {
            "version": "2.17.1",
            "resolved": "https://registry.npmjs.org/commander/-/commander-2.17.1.tgz",
            "integrity": "sha512-wPMUt6FnH2yzG95SA6mzjQOEKUU3aLaDEmzs1ti+1E9h+CsrZghRlqEM/EJ4KscsQVG8uNN4uVreUeT8+drlgg=="
        },
        "node_modules/crc-32": {
            "version": "1.2.0",
            "resolved": "https://registry.npmjs.org/crc-32/-/crc-32-1.2.0.tgz",
            "integrity": "sha512-1uBwHxF+Y/4yF5G48fwnKq6QsIXheor3ZLPT80yGBV1oEUwpPojlEhQbWKVw1VwcTQyMGHK1/XMmTjmlsmTTGA==",
            "dependencies": {
                "exit-on-epipe": "~1.0.1",
                "printj": "~1.1.0"
            },
            "bin": {
                "crc32": "bin/crc32.njs"
            },
            "engines": {
                "node": ">=0.8"
            }
        },
        "node_modules/debug": {
            "version": "3.2.7",
            "resolved": "https://registry.npmjs.org/debug/-/debug-3.2.7.tgz",
            "integrity": "sha512-CFjzYYAi4ThfiQvizrFQevTTXHtnCqWfe7x1AhgEscTz6ZbLbfoLRLPugTQyBth6f8ZERVUSyWHFD/7Wu4t1XQ==",
            "dependencies": {
                "ms": "^2.1.1"
            }
        },
        "node_modules/decompress-response": {
            "version": "6.0.0",
            "resolved": "https://registry.npmjs.org/decompress-response/-/decompress-response-6.0.0.tgz",
            "integrity": "sha512-aW35yZM6Bb/4oJlZncMH2LCoZtJXTRxES17vE3hoRiowU2kWHaJKFkSBDnDR+cm9J+9QhXmREyIfv0pji9ejCQ==",
            "dependencies": {
                "mimic-response": "^3.1.0"
            },
            "engines": {
                "node": ">=10"
            },
            "funding": {
                "url": "https://github.com/sponsors/sindresorhus"
            }
        },
        "node_modules/decompress-response/node_modules/mimic-response": {
            "version": "3.1.0",
            "resolved": "https://registry.npmjs.org/mimic-response/-/mimic-response-3.1.0.tgz",
            "integrity": "sha512-z0yWI+4FDrrweS8Zmt4Ej5HdJmky15+L2e6Wgn3+iK5fWzb6T3fhNFq2+MeTRb064c6Wr4N/wv0DzQTjNzHNGQ==",
            "engines": {
                "node": ">=10"
            },
            "funding": {
                "url": "https://github.com/sponsors/sindresorhus"
            }
        },
        "node_modules/defer-to-connect": {
            "version": "2.0.1",
            "resolved": "https://registry.npmjs.org/defer-to-connect/-/defer-to-connect-2.0.1.tgz",
            "integrity": "sha512-4tvttepXG1VaYGrRibk5EwJd1t4udunSOVMdLSAL6mId1ix438oPwPZMALY41FCijukO1L0twNcGsdzS7dHgDg==",
            "engines": {
                "node": ">=10"
            }
        },
        "node_modules/duplexer": {
            "version": "0.1.2",
            "resolved": "https://registry.npmjs.org/duplexer/-/duplexer-0.1.2.tgz",
            "integrity": "sha512-jtD6YG370ZCIi/9GTaJKQxWTZD045+4R4hTk/x1UyoqadyJ9x9CgSi1RlVDQF8U2sxLLSnFkCaMihqljHIWgMg=="
        },
        "node_modules/end-of-stream": {
            "version": "1.4.4",
            "resolved": "https://registry.npmjs.org/end-of-stream/-/end-of-stream-1.4.4.tgz",
            "integrity": "sha512-+uw1inIHVPQoaVuHzRyXd21icM+cnt4CzD5rW+NC1wjOUSTOs+Te7FOv7AhN7vS9x/oIyhLP5PR1H+phQAHu5Q==",
            "dependencies": {
                "once": "^1.4.0"
            }
        },
        "node_modules/event-stream": {
            "version": "3.3.5",
            "resolved": "https://registry.npmjs.org/event-stream/-/event-stream-3.3.5.tgz",
            "integrity": "sha512-vyibDcu5JL20Me1fP734QBH/kenBGLZap2n0+XXM7mvuUPzJ20Ydqj1aKcIeMdri1p+PU+4yAKugjN8KCVst+g==",
            "dependencies": {
                "duplexer": "^0.1.1",
                "from": "^0.1.7",
                "map-stream": "0.0.7",
                "pause-stream": "^0.0.11",
                "split": "^1.0.1",
                "stream-combiner": "^0.2.2",
                "through": "^2.3.8"
            }
        },
        "node_modules/exit-on-epipe": {
            "version": "1.0.1",
            "resolved": "https://registry.npmjs.org/exit-on-epipe/-/exit-on-epipe-1.0.1.tgz",
            "integrity": "sha512-h2z5mrROTxce56S+pnvAV890uu7ls7f1kEvVGJbw1OlFH3/mlJ5bkXu0KRyW94v37zzHPiUd55iLn3DA7TjWpw==",
            "engines": {
                "node": ">=0.8"
            }
        },
        "node_modules/fflate": {
            "version": "0.3.11",
            "resolved": "https://registry.npmjs.org/fflate/-/fflate-0.3.11.tgz",
            "integrity": "sha512-Rr5QlUeGN1mbOHlaqcSYMKVpPbgLy0AWT/W0EHxA6NGI12yO1jpoui2zBBvU2G824ltM6Ut8BFgfHSBGfkmS0A=="
        },
        "node_modules/frac": {
            "version": "1.1.2",
            "resolved": "https://registry.npmjs.org/frac/-/frac-1.1.2.tgz",
            "integrity": "sha512-w/XBfkibaTl3YDqASwfDUqkna4Z2p9cFSr1aHDt0WoMTECnRfBOv2WArlZILlqgWlmdIlALXGpM2AOhEk5W3IA==",
            "engines": {
                "node": ">=0.8"
            }
        },
        "node_modules/from": {
            "version": "0.1.7",
            "resolved": "https://registry.npmjs.org/from/-/from-0.1.7.tgz",
            "integrity": "sha1-g8YK/Fi5xWmXAH7Rp2izqzA6RP4="
        },
        "node_modules/get-stream": {
            "version": "5.2.0",
            "resolved": "https://registry.npmjs.org/get-stream/-/get-stream-5.2.0.tgz",
            "integrity": "sha512-nBF+F1rAZVCu/p7rjzgA+Yb4lfYXrpl7a6VmJrU8wF9I1CKvP/QwPNZHnOlwbTkY6dvtFIzFMSyQXbLoTQPRpA==",
            "dependencies": {
                "pump": "^3.0.0"
            },
            "engines": {
                "node": ">=8"
            },
            "funding": {
                "url": "https://github.com/sponsors/sindresorhus"
            }
        },
        "node_modules/got": {
            "version": "11.8.2",
            "resolved": "https://registry.npmjs.org/got/-/got-11.8.2.tgz",
            "integrity": "sha512-D0QywKgIe30ODs+fm8wMZiAcZjypcCodPNuMz5H9Mny7RJ+IjJ10BdmGW7OM7fHXP+O7r6ZwapQ/YQmMSvB0UQ==",
            "dependencies": {
                "@sindresorhus/is": "^4.0.0",
                "@szmarczak/http-timer": "^4.0.5",
                "@types/cacheable-request": "^6.0.1",
                "@types/responselike": "^1.0.0",
                "cacheable-lookup": "^5.0.3",
                "cacheable-request": "^7.0.1",
                "decompress-response": "^6.0.0",
                "http2-wrapper": "^1.0.0-beta.5.2",
                "lowercase-keys": "^2.0.0",
                "p-cancelable": "^2.0.0",
                "responselike": "^2.0.0"
            },
            "engines": {
                "node": ">=10.19.0"
            },
            "funding": {
                "url": "https://github.com/sindresorhus/got?sponsor=1"
            }
        },
        "node_modules/http-cache-semantics": {
            "version": "4.1.0",
            "resolved": "https://registry.npmjs.org/http-cache-semantics/-/http-cache-semantics-4.1.0.tgz",
            "integrity": "sha512-carPklcUh7ROWRK7Cv27RPtdhYhUsela/ue5/jKzjegVvXDqM2ILE9Q2BGn9JZJh1g87cp56su/FgQSzcWS8cQ=="
        },
        "node_modules/http2-wrapper": {
            "version": "1.0.3",
            "resolved": "https://registry.npmjs.org/http2-wrapper/-/http2-wrapper-1.0.3.tgz",
            "integrity": "sha512-V+23sDMr12Wnz7iTcDeJr3O6AIxlnvT/bmaAAAP/Xda35C90p9599p0F1eHR/N1KILWSoWVAiOMFjBBXaXSMxg==",
            "dependencies": {
                "quick-lru": "^5.1.1",
                "resolve-alpn": "^1.0.0"
            },
            "engines": {
                "node": ">=10.19.0"
            }
        },
        "node_modules/json-buffer": {
            "version": "3.0.1",
            "resolved": "https://registry.npmjs.org/json-buffer/-/json-buffer-3.0.1.tgz",
            "integrity": "sha512-4bV5BfR2mqfQTJm+V5tPPdf+ZpuhiIvTuAB5g8kcrXOZpTT/QwwVRWBywX1ozr6lEuPdbHxwaJlm9G6mI2sfSQ=="
        },
        "node_modules/keyv": {
            "version": "4.0.3",
            "resolved": "https://registry.npmjs.org/keyv/-/keyv-4.0.3.tgz",
            "integrity": "sha512-zdGa2TOpSZPq5mU6iowDARnMBZgtCqJ11dJROFi6tg6kTn4nuUdU09lFyLFSaHrWqpIJ+EBq4E8/Dc0Vx5vLdA==",
            "dependencies": {
                "json-buffer": "3.0.1"
            }
        },
        "node_modules/lowercase-keys": {
            "version": "2.0.0",
            "resolved": "https://registry.npmjs.org/lowercase-keys/-/lowercase-keys-2.0.0.tgz",
            "integrity": "sha512-tqNXrS78oMOE73NMxK4EMLQsQowWf8jKooH9g7xPavRT706R6bkQJ6DY2Te7QukaZsulxa30wQ7bk0pm4XiHmA==",
            "engines": {
                "node": ">=8"
            }
        },
        "node_modules/map-stream": {
            "version": "0.0.7",
            "resolved": "https://registry.npmjs.org/map-stream/-/map-stream-0.0.7.tgz",
            "integrity": "sha1-ih8HiW2CsQkmvTdEokIACfiJdKg="
        },
        "node_modules/mimic-response": {
            "version": "1.0.1",
            "resolved": "https://registry.npmjs.org/mimic-response/-/mimic-response-1.0.1.tgz",
            "integrity": "sha512-j5EctnkH7amfV/q5Hgmoal1g2QHFJRraOtmx0JpIqkxhBhI/lJSl1nMpQ45hVarwNETOoWEimndZ4QK0RHxuxQ==",
            "engines": {
                "node": ">=4"
            }
        },
        "node_modules/ms": {
            "version": "2.1.3",
            "resolved": "https://registry.npmjs.org/ms/-/ms-2.1.3.tgz",
            "integrity": "sha512-6FlzubTLZG3J2a/NVCAleEhjzq5oxgHyaCU9yYXvcLsvoVaHJq/s5xXI6/XXP6tz7R9xAOtHnSO/tXtF3WRTlA=="
        },
        "node_modules/node-ensure": {
            "version": "0.0.0",
            "resolved": "https://registry.npmjs.org/node-ensure/-/node-ensure-0.0.0.tgz",
            "integrity": "sha1-7K52QVDemYYexcgQ/V0Jaxg5Mqc="
        },
        "node_modules/node-stream-zip": {
            "version": "1.14.0",
            "resolved": "https://registry.npmjs.org/node-stream-zip/-/node-stream-zip-1.14.0.tgz",
            "integrity": "sha512-SKXyiBy9DBemsPHf/piHT00Y+iPK+zwru1G6+8UdOBzITnmmPMHYBMV6M1znyzyhDhUFQW0HEmbGiPqtp51M6Q==",
            "engines": {
                "node": ">=0.10.0"
            },
            "funding": {
                "type": "github",
                "url": "https://github.com/sponsors/antelle"
            }
        },
        "node_modules/normalize-url": {
            "version": "6.1.0",
            "resolved": "https://registry.npmjs.org/normalize-url/-/normalize-url-6.1.0.tgz",
            "integrity": "sha512-DlL+XwOy3NxAQ8xuC0okPgK46iuVNAK01YN7RueYBqqFeGsBjV9XmCAzAdgt+667bCl5kPh9EqKKDwnaPG1I7A==",
            "engines": {
                "node": ">=10"
            },
            "funding": {
                "url": "https://github.com/sponsors/sindresorhus"
            }
        },
        "node_modules/once": {
            "version": "1.4.0",
            "resolved": "https://registry.npmjs.org/once/-/once-1.4.0.tgz",
            "integrity": "sha1-WDsap3WWHUsROsF9nFC6753Xa9E=",
            "dependencies": {
                "wrappy": "1"
            }
        },
        "node_modules/p-cancelable": {
            "version": "2.1.1",
            "resolved": "https://registry.npmjs.org/p-cancelable/-/p-cancelable-2.1.1.tgz",
            "integrity": "sha512-BZOr3nRQHOntUjTrH8+Lh54smKHoHyur8We1V8DSMVrl5A2malOOwuJRnKRDjSnkoeBh4at6BwEnb5I7Jl31wg==",
            "engines": {
                "node": ">=8"
            }
        },
        "node_modules/pause-stream": {
            "version": "0.0.11",
            "resolved": "https://registry.npmjs.org/pause-stream/-/pause-stream-0.0.11.tgz",
            "integrity": "sha1-/lo0sMvOErWqaitAPuLnO2AvFEU=",
            "dependencies": {
                "through": "~2.3"
            }
        },
        "node_modules/pdf-parse": {
            "version": "1.1.1",
            "resolved": "https://registry.npmjs.org/pdf-parse/-/pdf-parse-1.1.1.tgz",
            "integrity": "sha512-v6ZJ/efsBpGrGGknjtq9J/oC8tZWq0KWL5vQrk2GlzLEQPUDB1ex+13Rmidl1neNN358Jn9EHZw5y07FFtaC7A==",
            "dependencies": {
                "debug": "^3.1.0",
                "node-ensure": "^0.0.0"
            },
            "engines": {
                "node": ">=6.8.1"
            }
        },
        "node_modules/printj": {
            "version": "1.1.2",
            "resolved": "https://registry.npmjs.org/printj/-/printj-1.1.2.tgz",
            "integrity": "sha512-zA2SmoLaxZyArQTOPj5LXecR+RagfPSU5Kw1qP+jkWeNlrq+eJZyY2oS68SU1Z/7/myXM4lo9716laOFAVStCQ==",
            "bin": {
                "printj": "bin/printj.njs"
            },
            "engines": {
                "node": ">=0.8"
            }
        },
        "node_modules/pump": {
            "version": "3.0.0",
            "resolved": "https://registry.npmjs.org/pump/-/pump-3.0.0.tgz",
            "integrity": "sha512-LwZy+p3SFs1Pytd/jYct4wpv49HiYCqd9Rlc5ZVdk0V+8Yzv6jR5Blk3TRmPL1ft69TxP0IMZGJ+WPFU2BFhww==",
            "dependencies": {
                "end-of-stream": "^1.1.0",
                "once": "^1.3.1"
            }
        },
        "node_modules/quick-lru": {
            "version": "5.1.1",
            "resolved": "https://registry.npmjs.org/quick-lru/-/quick-lru-5.1.1.tgz",
            "integrity": "sha512-WuyALRjWPDGtt/wzJiadO5AXY+8hZ80hVpe6MyivgraREW751X3SbhRvG3eLKOYN+8VEvqLcf3wdnt44Z4S4SA==",
            "engines": {
                "node": ">=10"
            },
            "funding": {
                "url": "https://github.com/sponsors/sindresorhus"
            }
        },
        "node_modules/resolve-alpn": {
            "version": "1.2.1",
            "resolved": "https://registry.npmjs.org/resolve-alpn/-/resolve-alpn-1.2.1.tgz",
            "integrity": "sha512-0a1F4l73/ZFZOakJnQ3FvkJ2+gSTQWz/r2KE5OdDY0TxPm5h4GkqkWWfM47T7HsbnOtcJVEF4epCVy6u7Q3K+g=="
        },
        "node_modules/responselike": {
            "version": "2.0.0",
            "resolved": "https://registry.npmjs.org/responselike/-/responselike-2.0.0.tgz",
            "integrity": "sha512-xH48u3FTB9VsZw7R+vvgaKeLKzT6jOogbQhEe/jewwnZgzPcnyWui2Av6JpoYZF/91uueC+lqhWqeURw5/qhCw==",
            "dependencies": {
                "lowercase-keys": "^2.0.0"
            }
        },
        "node_modules/split": {
            "version": "1.0.1",
            "resolved": "https://registry.npmjs.org/split/-/split-1.0.1.tgz",
            "integrity": "sha512-mTyOoPbrivtXnwnIxZRFYRrPNtEFKlpB2fvjSnCQUiAA6qAZzqwna5envK4uk6OIeP17CsdF3rSBGYVBsU0Tkg==",
            "dependencies": {
                "through": "2"
            },
            "engines": {
                "node": "*"
            }
        },
        "node_modules/ssf": {
            "version": "0.11.2",
            "resolved": "https://registry.npmjs.org/ssf/-/ssf-0.11.2.tgz",
            "integrity": "sha512-+idbmIXoYET47hH+d7dfm2epdOMUDjqcB4648sTZ+t2JwoyBFL/insLfB/racrDmsKB3diwsDA696pZMieAC5g==",
            "dependencies": {
                "frac": "~1.1.2"
            },
            "engines": {
                "node": ">=0.8"
            }
        },
        "node_modules/stream-combiner": {
            "version": "0.2.2",
            "resolved": "https://registry.npmjs.org/stream-combiner/-/stream-combiner-0.2.2.tgz",
            "integrity": "sha1-rsjLrBd7Vrb0+kec7YwZEs7lKFg=",
            "dependencies": {
                "duplexer": "~0.1.1",
                "through": "~2.3.4"
            }
        },
        "node_modules/through": {
            "version": "2.3.8",
            "resolved": "https://registry.npmjs.org/through/-/through-2.3.8.tgz",
            "integrity": "sha1-DdTJ/6q8NXlgsbckEV1+Doai4fU="
        },
        "node_modules/underscore": {
            "version": "1.13.1",
            "resolved": "https://registry.npmjs.org/underscore/-/underscore-1.13.1.tgz",
            "integrity": "sha512-hzSoAVtJF+3ZtiFX0VgfFPHEDRm7Y/QPjGyNo4TVdnDTdft3tr8hEkD25a1jC+TjTuE7tkHGKkhwCgs9dgBB2g=="
        },
        "node_modules/wmf": {
            "version": "1.0.2",
            "resolved": "https://registry.npmjs.org/wmf/-/wmf-1.0.2.tgz",
            "integrity": "sha512-/p9K7bEh0Dj6WbXg4JG0xvLQmIadrner1bi45VMJTfnbVHsc7yIajZyoSoK60/dtVBs12Fm6WkUI5/3WAVsNMw==",
            "engines": {
                "node": ">=0.8"
            }
        },
        "node_modules/word": {
            "version": "0.3.0",
            "resolved": "https://registry.npmjs.org/word/-/word-0.3.0.tgz",
            "integrity": "sha512-OELeY0Q61OXpdUfTp+oweA/vtLVg5VDOXh+3he3PNzLGG/y0oylSOC1xRVj0+l4vQ3tj/bB1HVHv1ocXkQceFA==",
            "engines": {
                "node": ">=0.8"
            }
        },
        "node_modules/word-extractor": {
            "version": "0.3.0",
            "resolved": "https://registry.npmjs.org/word-extractor/-/word-extractor-0.3.0.tgz",
            "integrity": "sha512-gFRsCojw2sijgoHXAa11b9K2OeEvajw4iQp89doDlseVYklR56Z22AlzDKeP1bo4N5wT/AJWptbcPQPstXVlsQ==",
            "dependencies": {
                "async": "^1.5.2",
                "event-stream": "^3.3.4",
                "underscore": "^1.8.3"
            }
        },
        "node_modules/wrappy": {
            "version": "1.0.2",
            "resolved": "https://registry.npmjs.org/wrappy/-/wrappy-1.0.2.tgz",
            "integrity": "sha1-tSQ9jz7BqjXxNkYFvA0QNuMKtp8="
        },
        "node_modules/xlsx": {
            "version": "0.16.9",
            "resolved": "https://registry.npmjs.org/xlsx/-/xlsx-0.16.9.tgz",
            "integrity": "sha512-gxi1I3EasYvgCX1vN9pGyq920Ron4NO8PNfhuoA3Hpq6Y8f0ECXiy4OLrK4QZBnj1jx3QD+8Fq5YZ/3mPZ5iXw==",
            "dependencies": {
                "adler-32": "~1.2.0",
                "cfb": "^1.1.4",
                "codepage": "~1.14.0",
                "commander": "~2.17.1",
                "crc-32": "~1.2.0",
                "exit-on-epipe": "~1.0.1",
                "fflate": "^0.3.8",
                "ssf": "~0.11.2",
                "wmf": "~1.0.1",
                "word": "~0.3.0"
            },
            "bin": {
                "xlsx": "bin/xlsx.njs"
            },
            "engines": {
                "node": ">=0.8"
            }
        }
    },
    "dependencies": {
        "@sindresorhus/is": {
            "version": "4.0.1",
            "resolved": "https://registry.npmjs.org/@sindresorhus/is/-/is-4.0.1.tgz",
            "integrity": "sha512-Qm9hBEBu18wt1PO2flE7LPb30BHMQt1eQgbV76YntdNk73XZGpn3izvGTYxbGgzXKgbCjiia0uxTd3aTNQrY/g=="
        },
        "@szmarczak/http-timer": {
            "version": "4.0.6",
            "resolved": "https://registry.npmjs.org/@szmarczak/http-timer/-/http-timer-4.0.6.tgz",
            "integrity": "sha512-4BAffykYOgO+5nzBWYwE3W90sBgLJoUPRWWcL8wlyiM8IB8ipJz3UMJ9KXQd1RKQXpKp8Tutn80HZtWsu2u76w==",
            "requires": {
                "defer-to-connect": "^2.0.0"
            }
        },
        "@types/cacheable-request": {
            "version": "6.0.2",
            "resolved": "https://registry.npmjs.org/@types/cacheable-request/-/cacheable-request-6.0.2.tgz",
            "integrity": "sha512-B3xVo+dlKM6nnKTcmm5ZtY/OL8bOAOd2Olee9M1zft65ox50OzjEHW91sDiU9j6cvW8Ejg1/Qkf4xd2kugApUA==",
            "requires": {
                "@types/http-cache-semantics": "*",
                "@types/keyv": "*",
                "@types/node": "*",
                "@types/responselike": "*"
            }
        },
        "@types/http-cache-semantics": {
            "version": "4.0.1",
            "resolved": "https://registry.npmjs.org/@types/http-cache-semantics/-/http-cache-semantics-4.0.1.tgz",
            "integrity": "sha512-SZs7ekbP8CN0txVG2xVRH6EgKmEm31BOxA07vkFaETzZz1xh+cbt8BcI0slpymvwhx5dlFnQG2rTlPVQn+iRPQ=="
        },
        "@types/keyv": {
            "version": "3.1.2",
            "resolved": "https://registry.npmjs.org/@types/keyv/-/keyv-3.1.2.tgz",
            "integrity": "sha512-/FvAK2p4jQOaJ6CGDHJTqZcUtbZe820qIeTg7o0Shg7drB4JHeL+V/dhSaly7NXx6u8eSee+r7coT+yuJEvDLg==",
            "requires": {
                "@types/node": "*"
            }
        },
        "@types/node": {
            "version": "16.7.10",
            "resolved": "https://registry.npmjs.org/@types/node/-/node-16.7.10.tgz",
            "integrity": "sha512-S63Dlv4zIPb8x6MMTgDq5WWRJQe56iBEY0O3SOFA9JrRienkOVDXSXBjjJw6HTNQYSE2JI6GMCR6LVbIMHJVvA=="
        },
        "@types/responselike": {
            "version": "1.0.0",
            "resolved": "https://registry.npmjs.org/@types/responselike/-/responselike-1.0.0.tgz",
            "integrity": "sha512-85Y2BjiufFzaMIlvJDvTTB8Fxl2xfLo4HgmHzVBz08w4wDePCTjYw66PdrolO0kzli3yam/YCgRufyo1DdQVTA==",
            "requires": {
                "@types/node": "*"
            }
        },
        "adler-32": {
            "version": "1.2.0",
            "resolved": "https://registry.npmjs.org/adler-32/-/adler-32-1.2.0.tgz",
            "integrity": "sha1-aj5r8KY5ALoVZSgIyxXGgT0aXyU=",
            "requires": {
                "exit-on-epipe": "~1.0.1",
                "printj": "~1.1.0"
            }
        },
        "any-text": {
            "version": "1.2.0",
            "resolved": "https://registry.npmjs.org/any-text/-/any-text-1.2.0.tgz",
            "integrity": "sha512-bkVk5+OmiyOTPcD0Mqga8c6CbEBT71hw8N7NbgbyQyWwXen2CWuvhPv/pNt7492KmtNyy72o6JsLpT5JJJtZ5A==",
            "requires": {
                "node-stream-zip": "^1.11.2",
                "pdf-parse": "^1.1.1",
                "word-extractor": "^0.3.0",
                "xlsx": "^0.16.3"
            }
        },
        "async": {
            "version": "1.5.2",
            "resolved": "https://registry.npmjs.org/async/-/async-1.5.2.tgz",
            "integrity": "sha1-7GphrlZIDAw8skHJVhjiCJL5Zyo="
        },
        "cacheable-lookup": {
            "version": "5.0.4",
            "resolved": "https://registry.npmjs.org/cacheable-lookup/-/cacheable-lookup-5.0.4.tgz",
            "integrity": "sha512-2/kNscPhpcxrOigMZzbiWF7dz8ilhb/nIHU3EyZiXWXpeq/au8qJ8VhdftMkty3n7Gj6HIGalQG8oiBNB3AJgA=="
        },
        "cacheable-request": {
            "version": "7.0.2",
            "resolved": "https://registry.npmjs.org/cacheable-request/-/cacheable-request-7.0.2.tgz",
            "integrity": "sha512-pouW8/FmiPQbuGpkXQ9BAPv/Mo5xDGANgSNXzTzJ8DrKGuXOssM4wIQRjfanNRh3Yu5cfYPvcorqbhg2KIJtew==",
            "requires": {
                "clone-response": "^1.0.2",
                "get-stream": "^5.1.0",
                "http-cache-semantics": "^4.0.0",
                "keyv": "^4.0.0",
                "lowercase-keys": "^2.0.0",
                "normalize-url": "^6.0.1",
                "responselike": "^2.0.0"
            }
        },
        "cfb": {
            "version": "1.2.0",
            "resolved": "https://registry.npmjs.org/cfb/-/cfb-1.2.0.tgz",
            "integrity": "sha512-sXMvHsKCICVR3Naq+J556K+ExBo9n50iKl6LGarlnvuA2035uMlGA/qVrc0wQtow5P1vJEw9UyrKLCbtIKz+TQ==",
            "requires": {
                "adler-32": "~1.2.0",
                "crc-32": "~1.2.0",
                "printj": "~1.1.2"
            }
        },
        "clone-response": {
            "version": "1.0.2",
            "resolved": "https://registry.npmjs.org/clone-response/-/clone-response-1.0.2.tgz",
            "integrity": "sha1-0dyXOSAxTfZ/vrlCI7TuNQI56Ws=",
            "requires": {
                "mimic-response": "^1.0.0"
            }
        },
        "codepage": {
            "version": "1.14.0",
            "resolved": "https://registry.npmjs.org/codepage/-/codepage-1.14.0.tgz",
            "integrity": "sha1-jL4lSBMjVZ19MHVxsP/5HnodL5k=",
            "requires": {
                "commander": "~2.14.1",
                "exit-on-epipe": "~1.0.1"
            },
            "dependencies": {
                "commander": {
                    "version": "2.14.1",
                    "resolved": "https://registry.npmjs.org/commander/-/commander-2.14.1.tgz",
                    "integrity": "sha512-+YR16o3rK53SmWHU3rEM3tPAh2rwb1yPcQX5irVn7mb0gXbwuCCrnkbV5+PBfETdfg1vui07nM6PCG1zndcjQw=="
                }
            }
        },
        "commander": {
            "version": "2.17.1",
            "resolved": "https://registry.npmjs.org/commander/-/commander-2.17.1.tgz",
            "integrity": "sha512-wPMUt6FnH2yzG95SA6mzjQOEKUU3aLaDEmzs1ti+1E9h+CsrZghRlqEM/EJ4KscsQVG8uNN4uVreUeT8+drlgg=="
        },
        "crc-32": {
            "version": "1.2.0",
            "resolved": "https://registry.npmjs.org/crc-32/-/crc-32-1.2.0.tgz",
            "integrity": "sha512-1uBwHxF+Y/4yF5G48fwnKq6QsIXheor3ZLPT80yGBV1oEUwpPojlEhQbWKVw1VwcTQyMGHK1/XMmTjmlsmTTGA==",
            "requires": {
                "exit-on-epipe": "~1.0.1",
                "printj": "~1.1.0"
            }
        },
        "debug": {
            "version": "3.2.7",
            "resolved": "https://registry.npmjs.org/debug/-/debug-3.2.7.tgz",
            "integrity": "sha512-CFjzYYAi4ThfiQvizrFQevTTXHtnCqWfe7x1AhgEscTz6ZbLbfoLRLPugTQyBth6f8ZERVUSyWHFD/7Wu4t1XQ==",
            "requires": {
                "ms": "^2.1.1"
            }
        },
        "decompress-response": {
            "version": "6.0.0",
            "resolved": "https://registry.npmjs.org/decompress-response/-/decompress-response-6.0.0.tgz",
            "integrity": "sha512-aW35yZM6Bb/4oJlZncMH2LCoZtJXTRxES17vE3hoRiowU2kWHaJKFkSBDnDR+cm9J+9QhXmREyIfv0pji9ejCQ==",
            "requires": {
                "mimic-response": "^3.1.0"
            },
            "dependencies": {
                "mimic-response": {
                    "version": "3.1.0",
                    "resolved": "https://registry.npmjs.org/mimic-response/-/mimic-response-3.1.0.tgz",
                    "integrity": "sha512-z0yWI+4FDrrweS8Zmt4Ej5HdJmky15+L2e6Wgn3+iK5fWzb6T3fhNFq2+MeTRb064c6Wr4N/wv0DzQTjNzHNGQ=="
                }
            }
        },
        "defer-to-connect": {
            "version": "2.0.1",
            "resolved": "https://registry.npmjs.org/defer-to-connect/-/defer-to-connect-2.0.1.tgz",
            "integrity": "sha512-4tvttepXG1VaYGrRibk5EwJd1t4udunSOVMdLSAL6mId1ix438oPwPZMALY41FCijukO1L0twNcGsdzS7dHgDg=="
        },
        "duplexer": {
            "version": "0.1.2",
            "resolved": "https://registry.npmjs.org/duplexer/-/duplexer-0.1.2.tgz",
            "integrity": "sha512-jtD6YG370ZCIi/9GTaJKQxWTZD045+4R4hTk/x1UyoqadyJ9x9CgSi1RlVDQF8U2sxLLSnFkCaMihqljHIWgMg=="
        },
        "end-of-stream": {
            "version": "1.4.4",
            "resolved": "https://registry.npmjs.org/end-of-stream/-/end-of-stream-1.4.4.tgz",
            "integrity": "sha512-+uw1inIHVPQoaVuHzRyXd21icM+cnt4CzD5rW+NC1wjOUSTOs+Te7FOv7AhN7vS9x/oIyhLP5PR1H+phQAHu5Q==",
            "requires": {
                "once": "^1.4.0"
            }
        },
        "event-stream": {
            "version": "3.3.5",
            "resolved": "https://registry.npmjs.org/event-stream/-/event-stream-3.3.5.tgz",
            "integrity": "sha512-vyibDcu5JL20Me1fP734QBH/kenBGLZap2n0+XXM7mvuUPzJ20Ydqj1aKcIeMdri1p+PU+4yAKugjN8KCVst+g==",
            "requires": {
                "duplexer": "^0.1.1",
                "from": "^0.1.7",
                "map-stream": "0.0.7",
                "pause-stream": "^0.0.11",
                "split": "^1.0.1",
                "stream-combiner": "^0.2.2",
                "through": "^2.3.8"
            }
        },
        "exit-on-epipe": {
            "version": "1.0.1",
            "resolved": "https://registry.npmjs.org/exit-on-epipe/-/exit-on-epipe-1.0.1.tgz",
            "integrity": "sha512-h2z5mrROTxce56S+pnvAV890uu7ls7f1kEvVGJbw1OlFH3/mlJ5bkXu0KRyW94v37zzHPiUd55iLn3DA7TjWpw=="
        },
        "fflate": {
            "version": "0.3.11",
            "resolved": "https://registry.npmjs.org/fflate/-/fflate-0.3.11.tgz",
            "integrity": "sha512-Rr5QlUeGN1mbOHlaqcSYMKVpPbgLy0AWT/W0EHxA6NGI12yO1jpoui2zBBvU2G824ltM6Ut8BFgfHSBGfkmS0A=="
        },
        "frac": {
            "version": "1.1.2",
            "resolved": "https://registry.npmjs.org/frac/-/frac-1.1.2.tgz",
            "integrity": "sha512-w/XBfkibaTl3YDqASwfDUqkna4Z2p9cFSr1aHDt0WoMTECnRfBOv2WArlZILlqgWlmdIlALXGpM2AOhEk5W3IA=="
        },
        "from": {
            "version": "0.1.7",
            "resolved": "https://registry.npmjs.org/from/-/from-0.1.7.tgz",
            "integrity": "sha1-g8YK/Fi5xWmXAH7Rp2izqzA6RP4="
        },
        "get-stream": {
            "version": "5.2.0",
            "resolved": "https://registry.npmjs.org/get-stream/-/get-stream-5.2.0.tgz",
            "integrity": "sha512-nBF+F1rAZVCu/p7rjzgA+Yb4lfYXrpl7a6VmJrU8wF9I1CKvP/QwPNZHnOlwbTkY6dvtFIzFMSyQXbLoTQPRpA==",
            "requires": {
                "pump": "^3.0.0"
            }
        },
        "got": {
            "version": "11.8.2",
            "resolved": "https://registry.npmjs.org/got/-/got-11.8.2.tgz",
            "integrity": "sha512-D0QywKgIe30ODs+fm8wMZiAcZjypcCodPNuMz5H9Mny7RJ+IjJ10BdmGW7OM7fHXP+O7r6ZwapQ/YQmMSvB0UQ==",
            "requires": {
                "@sindresorhus/is": "^4.0.0",
                "@szmarczak/http-timer": "^4.0.5",
                "@types/cacheable-request": "^6.0.1",
                "@types/responselike": "^1.0.0",
                "cacheable-lookup": "^5.0.3",
                "cacheable-request": "^7.0.1",
                "decompress-response": "^6.0.0",
                "http2-wrapper": "^1.0.0-beta.5.2",
                "lowercase-keys": "^2.0.0",
                "p-cancelable": "^2.0.0",
                "responselike": "^2.0.0"
            }
        },
        "http-cache-semantics": {
            "version": "4.1.0",
            "resolved": "https://registry.npmjs.org/http-cache-semantics/-/http-cache-semantics-4.1.0.tgz",
            "integrity": "sha512-carPklcUh7ROWRK7Cv27RPtdhYhUsela/ue5/jKzjegVvXDqM2ILE9Q2BGn9JZJh1g87cp56su/FgQSzcWS8cQ=="
        },
        "http2-wrapper": {
            "version": "1.0.3",
            "resolved": "https://registry.npmjs.org/http2-wrapper/-/http2-wrapper-1.0.3.tgz",
            "integrity": "sha512-V+23sDMr12Wnz7iTcDeJr3O6AIxlnvT/bmaAAAP/Xda35C90p9599p0F1eHR/N1KILWSoWVAiOMFjBBXaXSMxg==",
            "requires": {
                "quick-lru": "^5.1.1",
                "resolve-alpn": "^1.0.0"
            }
        },
        "json-buffer": {
            "version": "3.0.1",
            "resolved": "https://registry.npmjs.org/json-buffer/-/json-buffer-3.0.1.tgz",
            "integrity": "sha512-4bV5BfR2mqfQTJm+V5tPPdf+ZpuhiIvTuAB5g8kcrXOZpTT/QwwVRWBywX1ozr6lEuPdbHxwaJlm9G6mI2sfSQ=="
        },
        "keyv": {
            "version": "4.0.3",
            "resolved": "https://registry.npmjs.org/keyv/-/keyv-4.0.3.tgz",
            "integrity": "sha512-zdGa2TOpSZPq5mU6iowDARnMBZgtCqJ11dJROFi6tg6kTn4nuUdU09lFyLFSaHrWqpIJ+EBq4E8/Dc0Vx5vLdA==",
            "requires": {
                "json-buffer": "3.0.1"
            }
        },
        "lowercase-keys": {
            "version": "2.0.0",
            "resolved": "https://registry.npmjs.org/lowercase-keys/-/lowercase-keys-2.0.0.tgz",
            "integrity": "sha512-tqNXrS78oMOE73NMxK4EMLQsQowWf8jKooH9g7xPavRT706R6bkQJ6DY2Te7QukaZsulxa30wQ7bk0pm4XiHmA=="
        },
        "map-stream": {
            "version": "0.0.7",
            "resolved": "https://registry.npmjs.org/map-stream/-/map-stream-0.0.7.tgz",
            "integrity": "sha1-ih8HiW2CsQkmvTdEokIACfiJdKg="
        },
        "mimic-response": {
            "version": "1.0.1",
            "resolved": "https://registry.npmjs.org/mimic-response/-/mimic-response-1.0.1.tgz",
            "integrity": "sha512-j5EctnkH7amfV/q5Hgmoal1g2QHFJRraOtmx0JpIqkxhBhI/lJSl1nMpQ45hVarwNETOoWEimndZ4QK0RHxuxQ=="
        },
        "ms": {
            "version": "2.1.3",
            "resolved": "https://registry.npmjs.org/ms/-/ms-2.1.3.tgz",
            "integrity": "sha512-6FlzubTLZG3J2a/NVCAleEhjzq5oxgHyaCU9yYXvcLsvoVaHJq/s5xXI6/XXP6tz7R9xAOtHnSO/tXtF3WRTlA=="
        },
        "node-ensure": {
            "version": "0.0.0",
            "resolved": "https://registry.npmjs.org/node-ensure/-/node-ensure-0.0.0.tgz",
            "integrity": "sha1-7K52QVDemYYexcgQ/V0Jaxg5Mqc="
        },
        "node-stream-zip": {
            "version": "1.14.0",
            "resolved": "https://registry.npmjs.org/node-stream-zip/-/node-stream-zip-1.14.0.tgz",
            "integrity": "sha512-SKXyiBy9DBemsPHf/piHT00Y+iPK+zwru1G6+8UdOBzITnmmPMHYBMV6M1znyzyhDhUFQW0HEmbGiPqtp51M6Q=="
        },
        "normalize-url": {
            "version": "6.1.0",
            "resolved": "https://registry.npmjs.org/normalize-url/-/normalize-url-6.1.0.tgz",
            "integrity": "sha512-DlL+XwOy3NxAQ8xuC0okPgK46iuVNAK01YN7RueYBqqFeGsBjV9XmCAzAdgt+667bCl5kPh9EqKKDwnaPG1I7A=="
        },
        "once": {
            "version": "1.4.0",
            "resolved": "https://registry.npmjs.org/once/-/once-1.4.0.tgz",
            "integrity": "sha1-WDsap3WWHUsROsF9nFC6753Xa9E=",
            "requires": {
                "wrappy": "1"
            }
        },
        "p-cancelable": {
            "version": "2.1.1",
            "resolved": "https://registry.npmjs.org/p-cancelable/-/p-cancelable-2.1.1.tgz",
            "integrity": "sha512-BZOr3nRQHOntUjTrH8+Lh54smKHoHyur8We1V8DSMVrl5A2malOOwuJRnKRDjSnkoeBh4at6BwEnb5I7Jl31wg=="
        },
        "pause-stream": {
            "version": "0.0.11",
            "resolved": "https://registry.npmjs.org/pause-stream/-/pause-stream-0.0.11.tgz",
            "integrity": "sha1-/lo0sMvOErWqaitAPuLnO2AvFEU=",
            "requires": {
                "through": "~2.3"
            }
        },
        "pdf-parse": {
            "version": "1.1.1",
            "resolved": "https://registry.npmjs.org/pdf-parse/-/pdf-parse-1.1.1.tgz",
            "integrity": "sha512-v6ZJ/efsBpGrGGknjtq9J/oC8tZWq0KWL5vQrk2GlzLEQPUDB1ex+13Rmidl1neNN358Jn9EHZw5y07FFtaC7A==",
            "requires": {
                "debug": "^3.1.0",
                "node-ensure": "^0.0.0"
            }
        },
        "printj": {
            "version": "1.1.2",
            "resolved": "https://registry.npmjs.org/printj/-/printj-1.1.2.tgz",
            "integrity": "sha512-zA2SmoLaxZyArQTOPj5LXecR+RagfPSU5Kw1qP+jkWeNlrq+eJZyY2oS68SU1Z/7/myXM4lo9716laOFAVStCQ=="
        },
        "pump": {
            "version": "3.0.0",
            "resolved": "https://registry.npmjs.org/pump/-/pump-3.0.0.tgz",
            "integrity": "sha512-LwZy+p3SFs1Pytd/jYct4wpv49HiYCqd9Rlc5ZVdk0V+8Yzv6jR5Blk3TRmPL1ft69TxP0IMZGJ+WPFU2BFhww==",
            "requires": {
                "end-of-stream": "^1.1.0",
                "once": "^1.3.1"
            }
        },
        "quick-lru": {
            "version": "5.1.1",
            "resolved": "https://registry.npmjs.org/quick-lru/-/quick-lru-5.1.1.tgz",
            "integrity": "sha512-WuyALRjWPDGtt/wzJiadO5AXY+8hZ80hVpe6MyivgraREW751X3SbhRvG3eLKOYN+8VEvqLcf3wdnt44Z4S4SA=="
        },
        "resolve-alpn": {
            "version": "1.2.1",
            "resolved": "https://registry.npmjs.org/resolve-alpn/-/resolve-alpn-1.2.1.tgz",
            "integrity": "sha512-0a1F4l73/ZFZOakJnQ3FvkJ2+gSTQWz/r2KE5OdDY0TxPm5h4GkqkWWfM47T7HsbnOtcJVEF4epCVy6u7Q3K+g=="
        },
        "responselike": {
            "version": "2.0.0",
            "resolved": "https://registry.npmjs.org/responselike/-/responselike-2.0.0.tgz",
            "integrity": "sha512-xH48u3FTB9VsZw7R+vvgaKeLKzT6jOogbQhEe/jewwnZgzPcnyWui2Av6JpoYZF/91uueC+lqhWqeURw5/qhCw==",
            "requires": {
                "lowercase-keys": "^2.0.0"
            }
        },
        "split": {
            "version": "1.0.1",
            "resolved": "https://registry.npmjs.org/split/-/split-1.0.1.tgz",
            "integrity": "sha512-mTyOoPbrivtXnwnIxZRFYRrPNtEFKlpB2fvjSnCQUiAA6qAZzqwna5envK4uk6OIeP17CsdF3rSBGYVBsU0Tkg==",
            "requires": {
                "through": "2"
            }
        },
        "ssf": {
            "version": "0.11.2",
            "resolved": "https://registry.npmjs.org/ssf/-/ssf-0.11.2.tgz",
            "integrity": "sha512-+idbmIXoYET47hH+d7dfm2epdOMUDjqcB4648sTZ+t2JwoyBFL/insLfB/racrDmsKB3diwsDA696pZMieAC5g==",
            "requires": {
                "frac": "~1.1.2"
            }
        },
        "stream-combiner": {
            "version": "0.2.2",
            "resolved": "https://registry.npmjs.org/stream-combiner/-/stream-combiner-0.2.2.tgz",
            "integrity": "sha1-rsjLrBd7Vrb0+kec7YwZEs7lKFg=",
            "requires": {
                "duplexer": "~0.1.1",
                "through": "~2.3.4"
            }
        },
        "through": {
            "version": "2.3.8",
            "resolved": "https://registry.npmjs.org/through/-/through-2.3.8.tgz",
            "integrity": "sha1-DdTJ/6q8NXlgsbckEV1+Doai4fU="
        },
        "underscore": {
            "version": "1.13.1",
            "resolved": "https://registry.npmjs.org/underscore/-/underscore-1.13.1.tgz",
            "integrity": "sha512-hzSoAVtJF+3ZtiFX0VgfFPHEDRm7Y/QPjGyNo4TVdnDTdft3tr8hEkD25a1jC+TjTuE7tkHGKkhwCgs9dgBB2g=="
        },
        "wmf": {
            "version": "1.0.2",
            "resolved": "https://registry.npmjs.org/wmf/-/wmf-1.0.2.tgz",
            "integrity": "sha512-/p9K7bEh0Dj6WbXg4JG0xvLQmIadrner1bi45VMJTfnbVHsc7yIajZyoSoK60/dtVBs12Fm6WkUI5/3WAVsNMw=="
        },
        "word": {
            "version": "0.3.0",
            "resolved": "https://registry.npmjs.org/word/-/word-0.3.0.tgz",
            "integrity": "sha512-OELeY0Q61OXpdUfTp+oweA/vtLVg5VDOXh+3he3PNzLGG/y0oylSOC1xRVj0+l4vQ3tj/bB1HVHv1ocXkQceFA=="
        },
        "word-extractor": {
            "version": "0.3.0",
            "resolved": "https://registry.npmjs.org/word-extractor/-/word-extractor-0.3.0.tgz",
            "integrity": "sha512-gFRsCojw2sijgoHXAa11b9K2OeEvajw4iQp89doDlseVYklR56Z22AlzDKeP1bo4N5wT/AJWptbcPQPstXVlsQ==",
            "requires": {
                "async": "^1.5.2",
                "event-stream": "^3.3.4",
                "underscore": "^1.8.3"
            }
        },
        "wrappy": {
            "version": "1.0.2",
            "resolved": "https://registry.npmjs.org/wrappy/-/wrappy-1.0.2.tgz",
            "integrity": "sha1-tSQ9jz7BqjXxNkYFvA0QNuMKtp8="
        },
        "xlsx": {
            "version": "0.16.9",
            "resolved": "https://registry.npmjs.org/xlsx/-/xlsx-0.16.9.tgz",
            "integrity": "sha512-gxi1I3EasYvgCX1vN9pGyq920Ron4NO8PNfhuoA3Hpq6Y8f0ECXiy4OLrK4QZBnj1jx3QD+8Fq5YZ/3mPZ5iXw==",
            "requires": {
                "adler-32": "~1.2.0",
                "cfb": "^1.1.4",
                "codepage": "~1.14.0",
                "commander": "~2.17.1",
                "crc-32": "~1.2.0",
                "exit-on-epipe": "~1.0.1",
                "fflate": "^0.3.8",
                "ssf": "~0.11.2",
                "wmf": "~1.0.1",
                "word": "~0.3.0"
            }
        }
    }
}
