{
    "name": "os-kolokvijumi",
    "version": "1.1.4",
    "lockfileVersion": 2,
    "requires": true,
    "packages": {
        "": {
            "name": "os-kolokvijumi",
            "version": "1.1.4",
            "license": "CC-BY-SA-4.0",
            "dependencies": {
                "any-text": "1.2.0",
                "got": "14.4.1"
            }
        },
        "node_modules/@sec-ant/readable-stream": {
            "version": "0.4.1",
            "resolved": "https://registry.npmjs.org/@sec-ant/readable-stream/-/readable-stream-0.4.1.tgz",
            "integrity": "sha512-831qok9r2t8AlxLko40y2ebgSDhenenCatLVeW/uBtnHPyhHOvG0C7TvfgecV+wHzIm5KUICgzmVpWS+IMEAeg==",
            "license": "MIT"
        },
        "node_modules/@sindresorhus/is": {
            "version": "6.3.1",
            "resolved": "https://registry.npmjs.org/@sindresorhus/is/-/is-6.3.1.tgz",
            "integrity": "sha512-FX4MfcifwJyFOI2lPoX7PQxCqx8BG1HCho7WdiXwpEQx1Ycij0JxkfYtGK7yqNScrZGSlt6RE6sw8QYoH7eKnQ==",
            "license": "MIT",
            "engines": {
                "node": ">=16"
            },
            "funding": {
                "url": "https://github.com/sindresorhus/is?sponsor=1"
            }
        },
        "node_modules/@szmarczak/http-timer": {
            "version": "5.0.1",
            "resolved": "https://registry.npmjs.org/@szmarczak/http-timer/-/http-timer-5.0.1.tgz",
            "integrity": "sha512-+PmQX0PiAYPMeVYe237LJAYvOMYW1j2rH5YROyS3b4CTVJum34HfRvKvAzozHAQG0TnHNdUfY9nCeUyRAs//cw==",
            "license": "MIT",
            "dependencies": {
                "defer-to-connect": "^2.0.1"
            },
            "engines": {
                "node": ">=14.16"
            }
        },
        "node_modules/@types/http-cache-semantics": {
            "version": "4.0.4",
            "resolved": "https://registry.npmjs.org/@types/http-cache-semantics/-/http-cache-semantics-4.0.4.tgz",
            "integrity": "sha512-1m0bIFVc7eJWyve9S0RnuRgcQqF/Xd5QsUZAZeQFr1Q3/p9JWoQQEqmVy+DPTNpGXwhgIetAoYF8JSc33q29QA==",
            "license": "MIT"
        },
        "node_modules/adler-32": {
            "version": "1.2.0",
            "resolved": "https://registry.npmjs.org/adler-32/-/adler-32-1.2.0.tgz",
            "integrity": "sha1-aj5r8KY5ALoVZSgIyxXGgT0aXyU=",
            "dependencies": {
                "exit-on-epipe": "~1.0.1",
                "printj": "~1.1.0"
            },
            "bin": {
                "adler32": "bin/adler32.njs"
            },
            "engines": {
                "node": ">=0.8"
            }
        },
        "node_modules/any-text": {
            "version": "1.2.0",
            "resolved": "https://registry.npmjs.org/any-text/-/any-text-1.2.0.tgz",
            "integrity": "sha512-bkVk5+OmiyOTPcD0Mqga8c6CbEBT71hw8N7NbgbyQyWwXen2CWuvhPv/pNt7492KmtNyy72o6JsLpT5JJJtZ5A==",
            "dependencies": {
                "node-stream-zip": "^1.11.2",
                "pdf-parse": "^1.1.1",
                "word-extractor": "^0.3.0",
                "xlsx": "^0.16.3"
            }
        },
        "node_modules/async": {
            "version": "1.5.2",
            "resolved": "https://registry.npmjs.org/async/-/async-1.5.2.tgz",
            "integrity": "sha1-7GphrlZIDAw8skHJVhjiCJL5Zyo="
        },
        "node_modules/cacheable-lookup": {
            "version": "7.0.0",
            "resolved": "https://registry.npmjs.org/cacheable-lookup/-/cacheable-lookup-7.0.0.tgz",
            "integrity": "sha512-+qJyx4xiKra8mZrcwhjMRMUhD5NR1R8esPkzIYxX96JiecFoxAXFuz/GpR3+ev4PE1WamHip78wV0vcmPQtp8w==",
            "license": "MIT",
            "engines": {
                "node": ">=14.16"
            }
        },
        "node_modules/cacheable-request": {
            "version": "12.0.1",
            "resolved": "https://registry.npmjs.org/cacheable-request/-/cacheable-request-12.0.1.tgz",
            "integrity": "sha512-Yo9wGIQUaAfIbk+qY0X4cDQgCosecfBe3V9NSyeY4qPC2SAkbCS4Xj79VP8WOzitpJUZKc/wsRCYF5ariDIwkg==",
            "license": "MIT",
            "dependencies": {
                "@types/http-cache-semantics": "^4.0.4",
                "get-stream": "^9.0.1",
                "http-cache-semantics": "^4.1.1",
                "keyv": "^4.5.4",
                "mimic-response": "^4.0.0",
                "normalize-url": "^8.0.1",
                "responselike": "^3.0.0"
            },
            "engines": {
                "node": ">=18"
            }
        },
        "node_modules/cacheable-request/node_modules/get-stream": {
            "version": "9.0.1",
            "resolved": "https://registry.npmjs.org/get-stream/-/get-stream-9.0.1.tgz",
            "integrity": "sha512-kVCxPF3vQM/N0B1PmoqVUqgHP+EeVjmZSQn+1oCRPxd2P21P2F19lIgbR3HBosbB1PUhOAoctJnfEn2GbN2eZA==",
            "license": "MIT",
            "dependencies": {
                "@sec-ant/readable-stream": "^0.4.1",
                "is-stream": "^4.0.1"
            },
            "engines": {
                "node": ">=18"
            },
            "funding": {
                "url": "https://github.com/sponsors/sindresorhus"
            }
        },
        "node_modules/cfb": {
            "version": "1.2.0",
            "resolved": "https://registry.npmjs.org/cfb/-/cfb-1.2.0.tgz",
            "integrity": "sha512-sXMvHsKCICVR3Naq+J556K+ExBo9n50iKl6LGarlnvuA2035uMlGA/qVrc0wQtow5P1vJEw9UyrKLCbtIKz+TQ==",
            "dependencies": {
                "adler-32": "~1.2.0",
                "crc-32": "~1.2.0",
                "printj": "~1.1.2"
            },
            "engines": {
                "node": ">=0.8"
            }
        },
        "node_modules/codepage": {
            "version": "1.14.0",
            "resolved": "https://registry.npmjs.org/codepage/-/codepage-1.14.0.tgz",
            "integrity": "sha1-jL4lSBMjVZ19MHVxsP/5HnodL5k=",
            "dependencies": {
                "commander": "~2.14.1",
                "exit-on-epipe": "~1.0.1"
            },
            "bin": {
                "codepage": "bin/codepage.njs"
            },
            "engines": {
                "node": ">=0.8"
            }
        },
        "node_modules/codepage/node_modules/commander": {
            "version": "2.14.1",
            "resolved": "https://registry.npmjs.org/commander/-/commander-2.14.1.tgz",
            "integrity": "sha512-+YR16o3rK53SmWHU3rEM3tPAh2rwb1yPcQX5irVn7mb0gXbwuCCrnkbV5+PBfETdfg1vui07nM6PCG1zndcjQw=="
        },
        "node_modules/commander": {
            "version": "2.17.1",
            "resolved": "https://registry.npmjs.org/commander/-/commander-2.17.1.tgz",
            "integrity": "sha512-wPMUt6FnH2yzG95SA6mzjQOEKUU3aLaDEmzs1ti+1E9h+CsrZghRlqEM/EJ4KscsQVG8uNN4uVreUeT8+drlgg=="
        },
        "node_modules/crc-32": {
            "version": "1.2.0",
            "resolved": "https://registry.npmjs.org/crc-32/-/crc-32-1.2.0.tgz",
            "integrity": "sha512-1uBwHxF+Y/4yF5G48fwnKq6QsIXheor3ZLPT80yGBV1oEUwpPojlEhQbWKVw1VwcTQyMGHK1/XMmTjmlsmTTGA==",
            "dependencies": {
                "exit-on-epipe": "~1.0.1",
                "printj": "~1.1.0"
            },
            "bin": {
                "crc32": "bin/crc32.njs"
            },
            "engines": {
                "node": ">=0.8"
            }
        },
        "node_modules/debug": {
            "version": "3.2.7",
            "resolved": "https://registry.npmjs.org/debug/-/debug-3.2.7.tgz",
            "integrity": "sha512-CFjzYYAi4ThfiQvizrFQevTTXHtnCqWfe7x1AhgEscTz6ZbLbfoLRLPugTQyBth6f8ZERVUSyWHFD/7Wu4t1XQ==",
            "dependencies": {
                "ms": "^2.1.1"
            }
        },
        "node_modules/decompress-response": {
            "version": "6.0.0",
            "resolved": "https://registry.npmjs.org/decompress-response/-/decompress-response-6.0.0.tgz",
            "integrity": "sha512-aW35yZM6Bb/4oJlZncMH2LCoZtJXTRxES17vE3hoRiowU2kWHaJKFkSBDnDR+cm9J+9QhXmREyIfv0pji9ejCQ==",
            "dependencies": {
                "mimic-response": "^3.1.0"
            },
            "engines": {
                "node": ">=10"
            },
            "funding": {
                "url": "https://github.com/sponsors/sindresorhus"
            }
        },
        "node_modules/decompress-response/node_modules/mimic-response": {
            "version": "3.1.0",
            "resolved": "https://registry.npmjs.org/mimic-response/-/mimic-response-3.1.0.tgz",
            "integrity": "sha512-z0yWI+4FDrrweS8Zmt4Ej5HdJmky15+L2e6Wgn3+iK5fWzb6T3fhNFq2+MeTRb064c6Wr4N/wv0DzQTjNzHNGQ==",
            "engines": {
                "node": ">=10"
            },
            "funding": {
                "url": "https://github.com/sponsors/sindresorhus"
            }
        },
        "node_modules/defer-to-connect": {
            "version": "2.0.1",
            "resolved": "https://registry.npmjs.org/defer-to-connect/-/defer-to-connect-2.0.1.tgz",
            "integrity": "sha512-4tvttepXG1VaYGrRibk5EwJd1t4udunSOVMdLSAL6mId1ix438oPwPZMALY41FCijukO1L0twNcGsdzS7dHgDg==",
            "license": "MIT",
            "engines": {
                "node": ">=10"
            }
        },
        "node_modules/duplexer": {
            "version": "0.1.2",
            "resolved": "https://registry.npmjs.org/duplexer/-/duplexer-0.1.2.tgz",
            "integrity": "sha512-jtD6YG370ZCIi/9GTaJKQxWTZD045+4R4hTk/x1UyoqadyJ9x9CgSi1RlVDQF8U2sxLLSnFkCaMihqljHIWgMg=="
        },
        "node_modules/event-stream": {
            "version": "3.3.5",
            "resolved": "https://registry.npmjs.org/event-stream/-/event-stream-3.3.5.tgz",
            "integrity": "sha512-vyibDcu5JL20Me1fP734QBH/kenBGLZap2n0+XXM7mvuUPzJ20Ydqj1aKcIeMdri1p+PU+4yAKugjN8KCVst+g==",
            "dependencies": {
                "duplexer": "^0.1.1",
                "from": "^0.1.7",
                "map-stream": "0.0.7",
                "pause-stream": "^0.0.11",
                "split": "^1.0.1",
                "stream-combiner": "^0.2.2",
                "through": "^2.3.8"
            }
        },
        "node_modules/exit-on-epipe": {
            "version": "1.0.1",
            "resolved": "https://registry.npmjs.org/exit-on-epipe/-/exit-on-epipe-1.0.1.tgz",
            "integrity": "sha512-h2z5mrROTxce56S+pnvAV890uu7ls7f1kEvVGJbw1OlFH3/mlJ5bkXu0KRyW94v37zzHPiUd55iLn3DA7TjWpw==",
            "engines": {
                "node": ">=0.8"
            }
        },
        "node_modules/fflate": {
            "version": "0.3.11",
            "resolved": "https://registry.npmjs.org/fflate/-/fflate-0.3.11.tgz",
            "integrity": "sha512-Rr5QlUeGN1mbOHlaqcSYMKVpPbgLy0AWT/W0EHxA6NGI12yO1jpoui2zBBvU2G824ltM6Ut8BFgfHSBGfkmS0A=="
        },
        "node_modules/form-data-encoder": {
            "version": "4.0.2",
            "resolved": "https://registry.npmjs.org/form-data-encoder/-/form-data-encoder-4.0.2.tgz",
            "integrity": "sha512-KQVhvhK8ZkWzxKxOr56CPulAhH3dobtuQ4+hNQ+HekH/Wp5gSOafqRAeTphQUJAIk0GBvHZgJ2ZGRWd5kphMuw==",
            "license": "MIT",
            "engines": {
                "node": ">= 18"
            }
        },
        "node_modules/frac": {
            "version": "1.1.2",
            "resolved": "https://registry.npmjs.org/frac/-/frac-1.1.2.tgz",
            "integrity": "sha512-w/XBfkibaTl3YDqASwfDUqkna4Z2p9cFSr1aHDt0WoMTECnRfBOv2WArlZILlqgWlmdIlALXGpM2AOhEk5W3IA==",
            "engines": {
                "node": ">=0.8"
            }
        },
        "node_modules/from": {
            "version": "0.1.7",
            "resolved": "https://registry.npmjs.org/from/-/from-0.1.7.tgz",
            "integrity": "sha1-g8YK/Fi5xWmXAH7Rp2izqzA6RP4="
        },
        "node_modules/get-stream": {
            "version": "8.0.1",
            "resolved": "https://registry.npmjs.org/get-stream/-/get-stream-8.0.1.tgz",
            "integrity": "sha512-VaUJspBffn/LMCJVoMvSAdmscJyS1auj5Zulnn5UoYcY531UWmdwhRWkcGKnGU93m5HSXP9LP2usOryrBtQowA==",
            "license": "MIT",
            "engines": {
                "node": ">=16"
            },
            "funding": {
                "url": "https://github.com/sponsors/sindresorhus"
            }
        },
        "node_modules/got": {
            "version": "14.4.1",
            "resolved": "https://registry.npmjs.org/got/-/got-14.4.1.tgz",
            "integrity": "sha512-IvDJbJBUeexX74xNQuMIVgCRRuNOm5wuK+OC3Dc2pnSoh1AOmgc7JVj7WC+cJ4u0aPcO9KZ2frTXcqK4W/5qTQ==",
            "license": "MIT",
            "dependencies": {
                "@sindresorhus/is": "^6.3.1",
                "@szmarczak/http-timer": "^5.0.1",
                "cacheable-lookup": "^7.0.0",
                "cacheable-request": "^12.0.1",
                "decompress-response": "^6.0.0",
                "form-data-encoder": "^4.0.2",
                "get-stream": "^8.0.1",
                "http2-wrapper": "^2.2.1",
                "lowercase-keys": "^3.0.0",
                "p-cancelable": "^4.0.1",
                "responselike": "^3.0.0",
                "type-fest": "^4.19.0"
            },
            "engines": {
                "node": ">=20"
            },
            "funding": {
                "url": "https://github.com/sindresorhus/got?sponsor=1"
            }
        },
        "node_modules/http-cache-semantics": {
            "version": "4.1.1",
            "resolved": "https://registry.npmjs.org/http-cache-semantics/-/http-cache-semantics-4.1.1.tgz",
            "integrity": "sha512-er295DKPVsV82j5kw1Gjt+ADA/XYHsajl82cGNQG2eyoPkvgUhX+nDIyelzhIWbbsXP39EHcI6l5tYs2FYqYXQ==",
            "license": "BSD-2-Clause"
        },
        "node_modules/http2-wrapper": {
            "version": "2.2.1",
            "resolved": "https://registry.npmjs.org/http2-wrapper/-/http2-wrapper-2.2.1.tgz",
            "integrity": "sha512-V5nVw1PAOgfI3Lmeaj2Exmeg7fenjhRUgz1lPSezy1CuhPYbgQtbQj4jZfEAEMlaL+vupsvhjqCyjzob0yxsmQ==",
            "license": "MIT",
            "dependencies": {
                "quick-lru": "^5.1.1",
                "resolve-alpn": "^1.2.0"
            },
            "engines": {
                "node": ">=10.19.0"
            }
        },
        "node_modules/is-stream": {
            "version": "4.0.1",
            "resolved": "https://registry.npmjs.org/is-stream/-/is-stream-4.0.1.tgz",
            "integrity": "sha512-Dnz92NInDqYckGEUJv689RbRiTSEHCQ7wOVeALbkOz999YpqT46yMRIGtSNl2iCL1waAZSx40+h59NV/EwzV/A==",
            "license": "MIT",
            "engines": {
                "node": ">=18"
            },
            "funding": {
                "url": "https://github.com/sponsors/sindresorhus"
            }
        },
        "node_modules/json-buffer": {
            "version": "3.0.1",
            "resolved": "https://registry.npmjs.org/json-buffer/-/json-buffer-3.0.1.tgz",
            "integrity": "sha512-4bV5BfR2mqfQTJm+V5tPPdf+ZpuhiIvTuAB5g8kcrXOZpTT/QwwVRWBywX1ozr6lEuPdbHxwaJlm9G6mI2sfSQ==",
            "license": "MIT"
        },
        "node_modules/keyv": {
            "version": "4.5.4",
            "resolved": "https://registry.npmjs.org/keyv/-/keyv-4.5.4.tgz",
            "integrity": "sha512-oxVHkHR/EJf2CNXnWxRLW6mg7JyCCUcG0DtEGmL2ctUo1PNTin1PUil+r/+4r5MpVgC/fn1kjsx7mjSujKqIpw==",
            "license": "MIT",
            "dependencies": {
                "json-buffer": "3.0.1"
            }
        },
        "node_modules/lowercase-keys": {
            "version": "3.0.0",
            "resolved": "https://registry.npmjs.org/lowercase-keys/-/lowercase-keys-3.0.0.tgz",
            "integrity": "sha512-ozCC6gdQ+glXOQsveKD0YsDy8DSQFjDTz4zyzEHNV5+JP5D62LmfDZ6o1cycFx9ouG940M5dE8C8CTewdj2YWQ==",
            "license": "MIT",
            "engines": {
                "node": "^12.20.0 || ^14.13.1 || >=16.0.0"
            },
            "funding": {
                "url": "https://github.com/sponsors/sindresorhus"
            }
        },
        "node_modules/map-stream": {
            "version": "0.0.7",
            "resolved": "https://registry.npmjs.org/map-stream/-/map-stream-0.0.7.tgz",
            "integrity": "sha1-ih8HiW2CsQkmvTdEokIACfiJdKg="
        },
        "node_modules/mimic-response": {
            "version": "4.0.0",
            "resolved": "https://registry.npmjs.org/mimic-response/-/mimic-response-4.0.0.tgz",
            "integrity": "sha512-e5ISH9xMYU0DzrT+jl8q2ze9D6eWBto+I8CNpe+VI+K2J/F/k3PdkdTdz4wvGVH4NTpo+NRYTVIuMQEMMcsLqg==",
            "license": "MIT",
            "engines": {
                "node": "^12.20.0 || ^14.13.1 || >=16.0.0"
            },
            "funding": {
                "url": "https://github.com/sponsors/sindresorhus"
            }
        },
        "node_modules/ms": {
            "version": "2.1.3",
            "resolved": "https://registry.npmjs.org/ms/-/ms-2.1.3.tgz",
            "integrity": "sha512-6FlzubTLZG3J2a/NVCAleEhjzq5oxgHyaCU9yYXvcLsvoVaHJq/s5xXI6/XXP6tz7R9xAOtHnSO/tXtF3WRTlA=="
        },
        "node_modules/node-ensure": {
            "version": "0.0.0",
            "resolved": "https://registry.npmjs.org/node-ensure/-/node-ensure-0.0.0.tgz",
            "integrity": "sha1-7K52QVDemYYexcgQ/V0Jaxg5Mqc="
        },
        "node_modules/node-stream-zip": {
            "version": "1.14.0",
            "resolved": "https://registry.npmjs.org/node-stream-zip/-/node-stream-zip-1.14.0.tgz",
            "integrity": "sha512-SKXyiBy9DBemsPHf/piHT00Y+iPK+zwru1G6+8UdOBzITnmmPMHYBMV6M1znyzyhDhUFQW0HEmbGiPqtp51M6Q==",
            "engines": {
                "node": ">=0.10.0"
            },
            "funding": {
                "type": "github",
                "url": "https://github.com/sponsors/antelle"
            }
        },
        "node_modules/normalize-url": {
            "version": "8.0.1",
            "resolved": "https://registry.npmjs.org/normalize-url/-/normalize-url-8.0.1.tgz",
            "integrity": "sha512-IO9QvjUMWxPQQhs60oOu10CRkWCiZzSUkzbXGGV9pviYl1fXYcvkzQ5jV9z8Y6un8ARoVRl4EtC6v6jNqbaJ/w==",
            "license": "MIT",
            "engines": {
                "node": ">=14.16"
            },
            "funding": {
                "url": "https://github.com/sponsors/sindresorhus"
            }
        },
        "node_modules/p-cancelable": {
            "version": "4.0.1",
            "resolved": "https://registry.npmjs.org/p-cancelable/-/p-cancelable-4.0.1.tgz",
            "integrity": "sha512-wBowNApzd45EIKdO1LaU+LrMBwAcjfPaYtVzV3lmfM3gf8Z4CHZsiIqlM8TZZ8okYvh5A1cP6gTfCRQtwUpaUg==",
            "license": "MIT",
            "engines": {
                "node": ">=14.16"
            }
        },
        "node_modules/pause-stream": {
            "version": "0.0.11",
            "resolved": "https://registry.npmjs.org/pause-stream/-/pause-stream-0.0.11.tgz",
            "integrity": "sha1-/lo0sMvOErWqaitAPuLnO2AvFEU=",
            "dependencies": {
                "through": "~2.3"
            }
        },
        "node_modules/pdf-parse": {
            "version": "1.1.1",
            "resolved": "https://registry.npmjs.org/pdf-parse/-/pdf-parse-1.1.1.tgz",
            "integrity": "sha512-v6ZJ/efsBpGrGGknjtq9J/oC8tZWq0KWL5vQrk2GlzLEQPUDB1ex+13Rmidl1neNN358Jn9EHZw5y07FFtaC7A==",
            "dependencies": {
                "debug": "^3.1.0",
                "node-ensure": "^0.0.0"
            },
            "engines": {
                "node": ">=6.8.1"
            }
        },
        "node_modules/printj": {
            "version": "1.1.2",
            "resolved": "https://registry.npmjs.org/printj/-/printj-1.1.2.tgz",
            "integrity": "sha512-zA2SmoLaxZyArQTOPj5LXecR+RagfPSU5Kw1qP+jkWeNlrq+eJZyY2oS68SU1Z/7/myXM4lo9716laOFAVStCQ==",
            "bin": {
                "printj": "bin/printj.njs"
            },
            "engines": {
                "node": ">=0.8"
            }
        },
        "node_modules/quick-lru": {
            "version": "5.1.1",
            "resolved": "https://registry.npmjs.org/quick-lru/-/quick-lru-5.1.1.tgz",
            "integrity": "sha512-WuyALRjWPDGtt/wzJiadO5AXY+8hZ80hVpe6MyivgraREW751X3SbhRvG3eLKOYN+8VEvqLcf3wdnt44Z4S4SA==",
            "license": "MIT",
            "engines": {
                "node": ">=10"
            },
            "funding": {
                "url": "https://github.com/sponsors/sindresorhus"
            }
        },
        "node_modules/resolve-alpn": {
            "version": "1.2.1",
            "resolved": "https://registry.npmjs.org/resolve-alpn/-/resolve-alpn-1.2.1.tgz",
            "integrity": "sha512-0a1F4l73/ZFZOakJnQ3FvkJ2+gSTQWz/r2KE5OdDY0TxPm5h4GkqkWWfM47T7HsbnOtcJVEF4epCVy6u7Q3K+g==",
            "license": "MIT"
        },
        "node_modules/responselike": {
            "version": "3.0.0",
            "resolved": "https://registry.npmjs.org/responselike/-/responselike-3.0.0.tgz",
            "integrity": "sha512-40yHxbNcl2+rzXvZuVkrYohathsSJlMTXKryG5y8uciHv1+xDLHQpgjG64JUO9nrEq2jGLH6IZ8BcZyw3wrweg==",
            "license": "MIT",
            "dependencies": {
                "lowercase-keys": "^3.0.0"
            },
            "engines": {
                "node": ">=14.16"
            },
            "funding": {
                "url": "https://github.com/sponsors/sindresorhus"
            }
        },
        "node_modules/split": {
            "version": "1.0.1",
            "resolved": "https://registry.npmjs.org/split/-/split-1.0.1.tgz",
            "integrity": "sha512-mTyOoPbrivtXnwnIxZRFYRrPNtEFKlpB2fvjSnCQUiAA6qAZzqwna5envK4uk6OIeP17CsdF3rSBGYVBsU0Tkg==",
            "dependencies": {
                "through": "2"
            },
            "engines": {
                "node": "*"
            }
        },
        "node_modules/ssf": {
            "version": "0.11.2",
            "resolved": "https://registry.npmjs.org/ssf/-/ssf-0.11.2.tgz",
            "integrity": "sha512-+idbmIXoYET47hH+d7dfm2epdOMUDjqcB4648sTZ+t2JwoyBFL/insLfB/racrDmsKB3diwsDA696pZMieAC5g==",
            "dependencies": {
                "frac": "~1.1.2"
            },
            "engines": {
                "node": ">=0.8"
            }
        },
        "node_modules/stream-combiner": {
            "version": "0.2.2",
            "resolved": "https://registry.npmjs.org/stream-combiner/-/stream-combiner-0.2.2.tgz",
            "integrity": "sha1-rsjLrBd7Vrb0+kec7YwZEs7lKFg=",
            "dependencies": {
                "duplexer": "~0.1.1",
                "through": "~2.3.4"
            }
        },
        "node_modules/through": {
            "version": "2.3.8",
            "resolved": "https://registry.npmjs.org/through/-/through-2.3.8.tgz",
            "integrity": "sha1-DdTJ/6q8NXlgsbckEV1+Doai4fU="
        },
        "node_modules/type-fest": {
            "version": "4.20.1",
            "resolved": "https://registry.npmjs.org/type-fest/-/type-fest-4.20.1.tgz",
            "integrity": "sha512-R6wDsVsoS9xYOpy8vgeBlqpdOyzJ12HNfQhC/aAKWM3YoCV9TtunJzh/QpkMgeDhkoynDcw5f1y+qF9yc/HHyg==",
            "license": "(MIT OR CC0-1.0)",
            "engines": {
                "node": ">=16"
            },
            "funding": {
                "url": "https://github.com/sponsors/sindresorhus"
            }
        },
        "node_modules/underscore": {
            "version": "1.13.1",
            "resolved": "https://registry.npmjs.org/underscore/-/underscore-1.13.1.tgz",
            "integrity": "sha512-hzSoAVtJF+3ZtiFX0VgfFPHEDRm7Y/QPjGyNo4TVdnDTdft3tr8hEkD25a1jC+TjTuE7tkHGKkhwCgs9dgBB2g=="
        },
        "node_modules/wmf": {
            "version": "1.0.2",
            "resolved": "https://registry.npmjs.org/wmf/-/wmf-1.0.2.tgz",
            "integrity": "sha512-/p9K7bEh0Dj6WbXg4JG0xvLQmIadrner1bi45VMJTfnbVHsc7yIajZyoSoK60/dtVBs12Fm6WkUI5/3WAVsNMw==",
            "engines": {
                "node": ">=0.8"
            }
        },
        "node_modules/word": {
            "version": "0.3.0",
            "resolved": "https://registry.npmjs.org/word/-/word-0.3.0.tgz",
            "integrity": "sha512-OELeY0Q61OXpdUfTp+oweA/vtLVg5VDOXh+3he3PNzLGG/y0oylSOC1xRVj0+l4vQ3tj/bB1HVHv1ocXkQceFA==",
            "engines": {
                "node": ">=0.8"
            }
        },
        "node_modules/word-extractor": {
            "version": "0.3.0",
            "resolved": "https://registry.npmjs.org/word-extractor/-/word-extractor-0.3.0.tgz",
            "integrity": "sha512-gFRsCojw2sijgoHXAa11b9K2OeEvajw4iQp89doDlseVYklR56Z22AlzDKeP1bo4N5wT/AJWptbcPQPstXVlsQ==",
            "dependencies": {
                "async": "^1.5.2",
                "event-stream": "^3.3.4",
                "underscore": "^1.8.3"
            }
        },
        "node_modules/xlsx": {
            "version": "0.16.9",
            "resolved": "https://registry.npmjs.org/xlsx/-/xlsx-0.16.9.tgz",
            "integrity": "sha512-gxi1I3EasYvgCX1vN9pGyq920Ron4NO8PNfhuoA3Hpq6Y8f0ECXiy4OLrK4QZBnj1jx3QD+8Fq5YZ/3mPZ5iXw==",
            "dependencies": {
                "adler-32": "~1.2.0",
                "cfb": "^1.1.4",
                "codepage": "~1.14.0",
                "commander": "~2.17.1",
                "crc-32": "~1.2.0",
                "exit-on-epipe": "~1.0.1",
                "fflate": "^0.3.8",
                "ssf": "~0.11.2",
                "wmf": "~1.0.1",
                "word": "~0.3.0"
            },
            "bin": {
                "xlsx": "bin/xlsx.njs"
            },
            "engines": {
                "node": ">=0.8"
            }
        }
    },
    "dependencies": {
        "@sec-ant/readable-stream": {
            "version": "0.4.1",
            "resolved": "https://registry.npmjs.org/@sec-ant/readable-stream/-/readable-stream-0.4.1.tgz",
            "integrity": "sha512-831qok9r2t8AlxLko40y2ebgSDhenenCatLVeW/uBtnHPyhHOvG0C7TvfgecV+wHzIm5KUICgzmVpWS+IMEAeg=="
        },
        "@sindresorhus/is": {
            "version": "6.3.1",
            "resolved": "https://registry.npmjs.org/@sindresorhus/is/-/is-6.3.1.tgz",
            "integrity": "sha512-FX4MfcifwJyFOI2lPoX7PQxCqx8BG1HCho7WdiXwpEQx1Ycij0JxkfYtGK7yqNScrZGSlt6RE6sw8QYoH7eKnQ=="
        },
        "@szmarczak/http-timer": {
            "version": "5.0.1",
            "resolved": "https://registry.npmjs.org/@szmarczak/http-timer/-/http-timer-5.0.1.tgz",
            "integrity": "sha512-+PmQX0PiAYPMeVYe237LJAYvOMYW1j2rH5YROyS3b4CTVJum34HfRvKvAzozHAQG0TnHNdUfY9nCeUyRAs//cw==",
            "requires": {
                "defer-to-connect": "^2.0.1"
            }
        },
        "@types/http-cache-semantics": {
            "version": "4.0.4",
            "resolved": "https://registry.npmjs.org/@types/http-cache-semantics/-/http-cache-semantics-4.0.4.tgz",
            "integrity": "sha512-1m0bIFVc7eJWyve9S0RnuRgcQqF/Xd5QsUZAZeQFr1Q3/p9JWoQQEqmVy+DPTNpGXwhgIetAoYF8JSc33q29QA=="
        },
        "adler-32": {
            "version": "1.2.0",
            "resolved": "https://registry.npmjs.org/adler-32/-/adler-32-1.2.0.tgz",
            "integrity": "sha1-aj5r8KY5ALoVZSgIyxXGgT0aXyU=",
            "requires": {
                "exit-on-epipe": "~1.0.1",
                "printj": "~1.1.0"
            }
        },
        "any-text": {
            "version": "1.2.0",
            "resolved": "https://registry.npmjs.org/any-text/-/any-text-1.2.0.tgz",
            "integrity": "sha512-bkVk5+OmiyOTPcD0Mqga8c6CbEBT71hw8N7NbgbyQyWwXen2CWuvhPv/pNt7492KmtNyy72o6JsLpT5JJJtZ5A==",
            "requires": {
                "node-stream-zip": "^1.11.2",
                "pdf-parse": "^1.1.1",
                "word-extractor": "^0.3.0",
                "xlsx": "^0.16.3"
            }
        },
        "async": {
            "version": "1.5.2",
            "resolved": "https://registry.npmjs.org/async/-/async-1.5.2.tgz",
            "integrity": "sha1-7GphrlZIDAw8skHJVhjiCJL5Zyo="
        },
        "cacheable-lookup": {
            "version": "7.0.0",
            "resolved": "https://registry.npmjs.org/cacheable-lookup/-/cacheable-lookup-7.0.0.tgz",
            "integrity": "sha512-+qJyx4xiKra8mZrcwhjMRMUhD5NR1R8esPkzIYxX96JiecFoxAXFuz/GpR3+ev4PE1WamHip78wV0vcmPQtp8w=="
        },
        "cacheable-request": {
            "version": "12.0.1",
            "resolved": "https://registry.npmjs.org/cacheable-request/-/cacheable-request-12.0.1.tgz",
            "integrity": "sha512-Yo9wGIQUaAfIbk+qY0X4cDQgCosecfBe3V9NSyeY4qPC2SAkbCS4Xj79VP8WOzitpJUZKc/wsRCYF5ariDIwkg==",
            "requires": {
                "@types/http-cache-semantics": "^4.0.4",
                "get-stream": "^9.0.1",
                "http-cache-semantics": "^4.1.1",
                "keyv": "^4.5.4",
                "mimic-response": "^4.0.0",
                "normalize-url": "^8.0.1",
                "responselike": "^3.0.0"
            },
            "dependencies": {
                "get-stream": {
                    "version": "9.0.1",
                    "resolved": "https://registry.npmjs.org/get-stream/-/get-stream-9.0.1.tgz",
                    "integrity": "sha512-kVCxPF3vQM/N0B1PmoqVUqgHP+EeVjmZSQn+1oCRPxd2P21P2F19lIgbR3HBosbB1PUhOAoctJnfEn2GbN2eZA==",
                    "requires": {
                        "@sec-ant/readable-stream": "^0.4.1",
                        "is-stream": "^4.0.1"
                    }
                }
            }
        },
        "cfb": {
            "version": "1.2.0",
            "resolved": "https://registry.npmjs.org/cfb/-/cfb-1.2.0.tgz",
            "integrity": "sha512-sXMvHsKCICVR3Naq+J556K+ExBo9n50iKl6LGarlnvuA2035uMlGA/qVrc0wQtow5P1vJEw9UyrKLCbtIKz+TQ==",
            "requires": {
                "adler-32": "~1.2.0",
                "crc-32": "~1.2.0",
                "printj": "~1.1.2"
            }
        },
        "codepage": {
            "version": "1.14.0",
            "resolved": "https://registry.npmjs.org/codepage/-/codepage-1.14.0.tgz",
            "integrity": "sha1-jL4lSBMjVZ19MHVxsP/5HnodL5k=",
            "requires": {
                "commander": "~2.14.1",
                "exit-on-epipe": "~1.0.1"
            },
            "dependencies": {
                "commander": {
                    "version": "2.14.1",
                    "resolved": "https://registry.npmjs.org/commander/-/commander-2.14.1.tgz",
                    "integrity": "sha512-+YR16o3rK53SmWHU3rEM3tPAh2rwb1yPcQX5irVn7mb0gXbwuCCrnkbV5+PBfETdfg1vui07nM6PCG1zndcjQw=="
                }
            }
        },
        "commander": {
            "version": "2.17.1",
            "resolved": "https://registry.npmjs.org/commander/-/commander-2.17.1.tgz",
            "integrity": "sha512-wPMUt6FnH2yzG95SA6mzjQOEKUU3aLaDEmzs1ti+1E9h+CsrZghRlqEM/EJ4KscsQVG8uNN4uVreUeT8+drlgg=="
        },
        "crc-32": {
            "version": "1.2.0",
            "resolved": "https://registry.npmjs.org/crc-32/-/crc-32-1.2.0.tgz",
            "integrity": "sha512-1uBwHxF+Y/4yF5G48fwnKq6QsIXheor3ZLPT80yGBV1oEUwpPojlEhQbWKVw1VwcTQyMGHK1/XMmTjmlsmTTGA==",
            "requires": {
                "exit-on-epipe": "~1.0.1",
                "printj": "~1.1.0"
            }
        },
        "debug": {
            "version": "3.2.7",
            "resolved": "https://registry.npmjs.org/debug/-/debug-3.2.7.tgz",
            "integrity": "sha512-CFjzYYAi4ThfiQvizrFQevTTXHtnCqWfe7x1AhgEscTz6ZbLbfoLRLPugTQyBth6f8ZERVUSyWHFD/7Wu4t1XQ==",
            "requires": {
                "ms": "^2.1.1"
            }
        },
        "decompress-response": {
            "version": "6.0.0",
            "resolved": "https://registry.npmjs.org/decompress-response/-/decompress-response-6.0.0.tgz",
            "integrity": "sha512-aW35yZM6Bb/4oJlZncMH2LCoZtJXTRxES17vE3hoRiowU2kWHaJKFkSBDnDR+cm9J+9QhXmREyIfv0pji9ejCQ==",
            "requires": {
                "mimic-response": "^3.1.0"
            },
            "dependencies": {
                "mimic-response": {
                    "version": "3.1.0",
                    "resolved": "https://registry.npmjs.org/mimic-response/-/mimic-response-3.1.0.tgz",
                    "integrity": "sha512-z0yWI+4FDrrweS8Zmt4Ej5HdJmky15+L2e6Wgn3+iK5fWzb6T3fhNFq2+MeTRb064c6Wr4N/wv0DzQTjNzHNGQ=="
                }
            }
        },
        "defer-to-connect": {
            "version": "2.0.1",
            "resolved": "https://registry.npmjs.org/defer-to-connect/-/defer-to-connect-2.0.1.tgz",
            "integrity": "sha512-4tvttepXG1VaYGrRibk5EwJd1t4udunSOVMdLSAL6mId1ix438oPwPZMALY41FCijukO1L0twNcGsdzS7dHgDg=="
        },
        "duplexer": {
            "version": "0.1.2",
            "resolved": "https://registry.npmjs.org/duplexer/-/duplexer-0.1.2.tgz",
            "integrity": "sha512-jtD6YG370ZCIi/9GTaJKQxWTZD045+4R4hTk/x1UyoqadyJ9x9CgSi1RlVDQF8U2sxLLSnFkCaMihqljHIWgMg=="
        },
        "event-stream": {
            "version": "3.3.5",
            "resolved": "https://registry.npmjs.org/event-stream/-/event-stream-3.3.5.tgz",
            "integrity": "sha512-vyibDcu5JL20Me1fP734QBH/kenBGLZap2n0+XXM7mvuUPzJ20Ydqj1aKcIeMdri1p+PU+4yAKugjN8KCVst+g==",
            "requires": {
                "duplexer": "^0.1.1",
                "from": "^0.1.7",
                "map-stream": "0.0.7",
                "pause-stream": "^0.0.11",
                "split": "^1.0.1",
                "stream-combiner": "^0.2.2",
                "through": "^2.3.8"
            }
        },
        "exit-on-epipe": {
            "version": "1.0.1",
            "resolved": "https://registry.npmjs.org/exit-on-epipe/-/exit-on-epipe-1.0.1.tgz",
            "integrity": "sha512-h2z5mrROTxce56S+pnvAV890uu7ls7f1kEvVGJbw1OlFH3/mlJ5bkXu0KRyW94v37zzHPiUd55iLn3DA7TjWpw=="
        },
        "fflate": {
            "version": "0.3.11",
            "resolved": "https://registry.npmjs.org/fflate/-/fflate-0.3.11.tgz",
            "integrity": "sha512-Rr5QlUeGN1mbOHlaqcSYMKVpPbgLy0AWT/W0EHxA6NGI12yO1jpoui2zBBvU2G824ltM6Ut8BFgfHSBGfkmS0A=="
        },
        "form-data-encoder": {
            "version": "4.0.2",
            "resolved": "https://registry.npmjs.org/form-data-encoder/-/form-data-encoder-4.0.2.tgz",
            "integrity": "sha512-KQVhvhK8ZkWzxKxOr56CPulAhH3dobtuQ4+hNQ+HekH/Wp5gSOafqRAeTphQUJAIk0GBvHZgJ2ZGRWd5kphMuw=="
        },
        "frac": {
            "version": "1.1.2",
            "resolved": "https://registry.npmjs.org/frac/-/frac-1.1.2.tgz",
            "integrity": "sha512-w/XBfkibaTl3YDqASwfDUqkna4Z2p9cFSr1aHDt0WoMTECnRfBOv2WArlZILlqgWlmdIlALXGpM2AOhEk5W3IA=="
        },
        "from": {
            "version": "0.1.7",
            "resolved": "https://registry.npmjs.org/from/-/from-0.1.7.tgz",
            "integrity": "sha1-g8YK/Fi5xWmXAH7Rp2izqzA6RP4="
        },
        "get-stream": {
            "version": "8.0.1",
            "resolved": "https://registry.npmjs.org/get-stream/-/get-stream-8.0.1.tgz",
            "integrity": "sha512-VaUJspBffn/LMCJVoMvSAdmscJyS1auj5Zulnn5UoYcY531UWmdwhRWkcGKnGU93m5HSXP9LP2usOryrBtQowA=="
        },
        "got": {
            "version": "14.4.1",
            "resolved": "https://registry.npmjs.org/got/-/got-14.4.1.tgz",
            "integrity": "sha512-IvDJbJBUeexX74xNQuMIVgCRRuNOm5wuK+OC3Dc2pnSoh1AOmgc7JVj7WC+cJ4u0aPcO9KZ2frTXcqK4W/5qTQ==",
            "requires": {
                "@sindresorhus/is": "^6.3.1",
                "@szmarczak/http-timer": "^5.0.1",
                "cacheable-lookup": "^7.0.0",
                "cacheable-request": "^12.0.1",
                "decompress-response": "^6.0.0",
                "form-data-encoder": "^4.0.2",
                "get-stream": "^8.0.1",
                "http2-wrapper": "^2.2.1",
                "lowercase-keys": "^3.0.0",
                "p-cancelable": "^4.0.1",
                "responselike": "^3.0.0",
                "type-fest": "^4.19.0"
            }
        },
        "http-cache-semantics": {
            "version": "4.1.1",
            "resolved": "https://registry.npmjs.org/http-cache-semantics/-/http-cache-semantics-4.1.1.tgz",
            "integrity": "sha512-er295DKPVsV82j5kw1Gjt+ADA/XYHsajl82cGNQG2eyoPkvgUhX+nDIyelzhIWbbsXP39EHcI6l5tYs2FYqYXQ=="
        },
        "http2-wrapper": {
            "version": "2.2.1",
            "resolved": "https://registry.npmjs.org/http2-wrapper/-/http2-wrapper-2.2.1.tgz",
            "integrity": "sha512-V5nVw1PAOgfI3Lmeaj2Exmeg7fenjhRUgz1lPSezy1CuhPYbgQtbQj4jZfEAEMlaL+vupsvhjqCyjzob0yxsmQ==",
            "requires": {
                "quick-lru": "^5.1.1",
                "resolve-alpn": "^1.2.0"
            }
        },
        "is-stream": {
            "version": "4.0.1",
            "resolved": "https://registry.npmjs.org/is-stream/-/is-stream-4.0.1.tgz",
            "integrity": "sha512-Dnz92NInDqYckGEUJv689RbRiTSEHCQ7wOVeALbkOz999YpqT46yMRIGtSNl2iCL1waAZSx40+h59NV/EwzV/A=="
        },
        "json-buffer": {
            "version": "3.0.1",
            "resolved": "https://registry.npmjs.org/json-buffer/-/json-buffer-3.0.1.tgz",
            "integrity": "sha512-4bV5BfR2mqfQTJm+V5tPPdf+ZpuhiIvTuAB5g8kcrXOZpTT/QwwVRWBywX1ozr6lEuPdbHxwaJlm9G6mI2sfSQ=="
        },
        "keyv": {
            "version": "4.5.4",
            "resolved": "https://registry.npmjs.org/keyv/-/keyv-4.5.4.tgz",
            "integrity": "sha512-oxVHkHR/EJf2CNXnWxRLW6mg7JyCCUcG0DtEGmL2ctUo1PNTin1PUil+r/+4r5MpVgC/fn1kjsx7mjSujKqIpw==",
            "requires": {
                "json-buffer": "3.0.1"
            }
        },
        "lowercase-keys": {
            "version": "3.0.0",
            "resolved": "https://registry.npmjs.org/lowercase-keys/-/lowercase-keys-3.0.0.tgz",
            "integrity": "sha512-ozCC6gdQ+glXOQsveKD0YsDy8DSQFjDTz4zyzEHNV5+JP5D62LmfDZ6o1cycFx9ouG940M5dE8C8CTewdj2YWQ=="
        },
        "map-stream": {
            "version": "0.0.7",
            "resolved": "https://registry.npmjs.org/map-stream/-/map-stream-0.0.7.tgz",
            "integrity": "sha1-ih8HiW2CsQkmvTdEokIACfiJdKg="
        },
        "mimic-response": {
            "version": "4.0.0",
            "resolved": "https://registry.npmjs.org/mimic-response/-/mimic-response-4.0.0.tgz",
            "integrity": "sha512-e5ISH9xMYU0DzrT+jl8q2ze9D6eWBto+I8CNpe+VI+K2J/F/k3PdkdTdz4wvGVH4NTpo+NRYTVIuMQEMMcsLqg=="
        },
        "ms": {
            "version": "2.1.3",
            "resolved": "https://registry.npmjs.org/ms/-/ms-2.1.3.tgz",
            "integrity": "sha512-6FlzubTLZG3J2a/NVCAleEhjzq5oxgHyaCU9yYXvcLsvoVaHJq/s5xXI6/XXP6tz7R9xAOtHnSO/tXtF3WRTlA=="
        },
        "node-ensure": {
            "version": "0.0.0",
            "resolved": "https://registry.npmjs.org/node-ensure/-/node-ensure-0.0.0.tgz",
            "integrity": "sha1-7K52QVDemYYexcgQ/V0Jaxg5Mqc="
        },
        "node-stream-zip": {
            "version": "1.14.0",
            "resolved": "https://registry.npmjs.org/node-stream-zip/-/node-stream-zip-1.14.0.tgz",
            "integrity": "sha512-SKXyiBy9DBemsPHf/piHT00Y+iPK+zwru1G6+8UdOBzITnmmPMHYBMV6M1znyzyhDhUFQW0HEmbGiPqtp51M6Q=="
        },
        "normalize-url": {
            "version": "8.0.1",
            "resolved": "https://registry.npmjs.org/normalize-url/-/normalize-url-8.0.1.tgz",
            "integrity": "sha512-IO9QvjUMWxPQQhs60oOu10CRkWCiZzSUkzbXGGV9pviYl1fXYcvkzQ5jV9z8Y6un8ARoVRl4EtC6v6jNqbaJ/w=="
        },
        "p-cancelable": {
            "version": "4.0.1",
            "resolved": "https://registry.npmjs.org/p-cancelable/-/p-cancelable-4.0.1.tgz",
            "integrity": "sha512-wBowNApzd45EIKdO1LaU+LrMBwAcjfPaYtVzV3lmfM3gf8Z4CHZsiIqlM8TZZ8okYvh5A1cP6gTfCRQtwUpaUg=="
        },
        "pause-stream": {
            "version": "0.0.11",
            "resolved": "https://registry.npmjs.org/pause-stream/-/pause-stream-0.0.11.tgz",
            "integrity": "sha1-/lo0sMvOErWqaitAPuLnO2AvFEU=",
            "requires": {
                "through": "~2.3"
            }
        },
        "pdf-parse": {
            "version": "1.1.1",
            "resolved": "https://registry.npmjs.org/pdf-parse/-/pdf-parse-1.1.1.tgz",
            "integrity": "sha512-v6ZJ/efsBpGrGGknjtq9J/oC8tZWq0KWL5vQrk2GlzLEQPUDB1ex+13Rmidl1neNN358Jn9EHZw5y07FFtaC7A==",
            "requires": {
                "debug": "^3.1.0",
                "node-ensure": "^0.0.0"
            }
        },
        "printj": {
            "version": "1.1.2",
            "resolved": "https://registry.npmjs.org/printj/-/printj-1.1.2.tgz",
            "integrity": "sha512-zA2SmoLaxZyArQTOPj5LXecR+RagfPSU5Kw1qP+jkWeNlrq+eJZyY2oS68SU1Z/7/myXM4lo9716laOFAVStCQ=="
        },
        "quick-lru": {
            "version": "5.1.1",
            "resolved": "https://registry.npmjs.org/quick-lru/-/quick-lru-5.1.1.tgz",
            "integrity": "sha512-WuyALRjWPDGtt/wzJiadO5AXY+8hZ80hVpe6MyivgraREW751X3SbhRvG3eLKOYN+8VEvqLcf3wdnt44Z4S4SA=="
        },
        "resolve-alpn": {
            "version": "1.2.1",
            "resolved": "https://registry.npmjs.org/resolve-alpn/-/resolve-alpn-1.2.1.tgz",
            "integrity": "sha512-0a1F4l73/ZFZOakJnQ3FvkJ2+gSTQWz/r2KE5OdDY0TxPm5h4GkqkWWfM47T7HsbnOtcJVEF4epCVy6u7Q3K+g=="
        },
        "responselike": {
            "version": "3.0.0",
            "resolved": "https://registry.npmjs.org/responselike/-/responselike-3.0.0.tgz",
            "integrity": "sha512-40yHxbNcl2+rzXvZuVkrYohathsSJlMTXKryG5y8uciHv1+xDLHQpgjG64JUO9nrEq2jGLH6IZ8BcZyw3wrweg==",
            "requires": {
                "lowercase-keys": "^3.0.0"
            }
        },
        "split": {
            "version": "1.0.1",
            "resolved": "https://registry.npmjs.org/split/-/split-1.0.1.tgz",
            "integrity": "sha512-mTyOoPbrivtXnwnIxZRFYRrPNtEFKlpB2fvjSnCQUiAA6qAZzqwna5envK4uk6OIeP17CsdF3rSBGYVBsU0Tkg==",
            "requires": {
                "through": "2"
            }
        },
        "ssf": {
            "version": "0.11.2",
            "resolved": "https://registry.npmjs.org/ssf/-/ssf-0.11.2.tgz",
            "integrity": "sha512-+idbmIXoYET47hH+d7dfm2epdOMUDjqcB4648sTZ+t2JwoyBFL/insLfB/racrDmsKB3diwsDA696pZMieAC5g==",
            "requires": {
                "frac": "~1.1.2"
            }
        },
        "stream-combiner": {
            "version": "0.2.2",
            "resolved": "https://registry.npmjs.org/stream-combiner/-/stream-combiner-0.2.2.tgz",
            "integrity": "sha1-rsjLrBd7Vrb0+kec7YwZEs7lKFg=",
            "requires": {
                "duplexer": "~0.1.1",
                "through": "~2.3.4"
            }
        },
        "through": {
            "version": "2.3.8",
            "resolved": "https://registry.npmjs.org/through/-/through-2.3.8.tgz",
            "integrity": "sha1-DdTJ/6q8NXlgsbckEV1+Doai4fU="
        },
        "type-fest": {
            "version": "4.20.1",
            "resolved": "https://registry.npmjs.org/type-fest/-/type-fest-4.20.1.tgz",
            "integrity": "sha512-R6wDsVsoS9xYOpy8vgeBlqpdOyzJ12HNfQhC/aAKWM3YoCV9TtunJzh/QpkMgeDhkoynDcw5f1y+qF9yc/HHyg=="
        },
        "underscore": {
            "version": "1.13.1",
            "resolved": "https://registry.npmjs.org/underscore/-/underscore-1.13.1.tgz",
            "integrity": "sha512-hzSoAVtJF+3ZtiFX0VgfFPHEDRm7Y/QPjGyNo4TVdnDTdft3tr8hEkD25a1jC+TjTuE7tkHGKkhwCgs9dgBB2g=="
        },
        "wmf": {
            "version": "1.0.2",
            "resolved": "https://registry.npmjs.org/wmf/-/wmf-1.0.2.tgz",
            "integrity": "sha512-/p9K7bEh0Dj6WbXg4JG0xvLQmIadrner1bi45VMJTfnbVHsc7yIajZyoSoK60/dtVBs12Fm6WkUI5/3WAVsNMw=="
        },
        "word": {
            "version": "0.3.0",
            "resolved": "https://registry.npmjs.org/word/-/word-0.3.0.tgz",
            "integrity": "sha512-OELeY0Q61OXpdUfTp+oweA/vtLVg5VDOXh+3he3PNzLGG/y0oylSOC1xRVj0+l4vQ3tj/bB1HVHv1ocXkQceFA=="
        },
        "word-extractor": {
            "version": "0.3.0",
            "resolved": "https://registry.npmjs.org/word-extractor/-/word-extractor-0.3.0.tgz",
            "integrity": "sha512-gFRsCojw2sijgoHXAa11b9K2OeEvajw4iQp89doDlseVYklR56Z22AlzDKeP1bo4N5wT/AJWptbcPQPstXVlsQ==",
            "requires": {
                "async": "^1.5.2",
                "event-stream": "^3.3.4",
                "underscore": "^1.8.3"
            }
        },
        "xlsx": {
            "version": "0.16.9",
            "resolved": "https://registry.npmjs.org/xlsx/-/xlsx-0.16.9.tgz",
            "integrity": "sha512-gxi1I3EasYvgCX1vN9pGyq920Ron4NO8PNfhuoA3Hpq6Y8f0ECXiy4OLrK4QZBnj1jx3QD+8Fq5YZ/3mPZ5iXw==",
            "requires": {
                "adler-32": "~1.2.0",
                "cfb": "^1.1.4",
                "codepage": "~1.14.0",
                "commander": "~2.17.1",
                "crc-32": "~1.2.0",
                "exit-on-epipe": "~1.0.1",
                "fflate": "^0.3.8",
                "ssf": "~0.11.2",
                "wmf": "~1.0.1",
                "word": "~0.3.0"
            }
        }
    }
}
